// !$*UTF8*$!
{
	archiveVersion = 1;
	classes = {
	};
	objectVersion = 50;
	objects = {

/* Begin PBXBuildFile section */
		0ED8786B7DB985A3964893C8 /* Pods_MyWork.framework in Frameworks */ = {isa = PBXBuildFile; fileRef = 44AC2E2FE02E3DEB7D5A481B /* Pods_MyWork.framework */; };
		3C05E1FA212D342F003CBAD1 /* ModelControllers.swift in Sources */ = {isa = PBXBuildFile; fileRef = 3C05E1F9212D342F003CBAD1 /* ModelControllers.swift */; };
		3C0B1764210EDF34003D9314 /* ConditionalConformances.swift in Sources */ = {isa = PBXBuildFile; fileRef = 3C0B1763210EDF34003D9314 /* ConditionalConformances.swift */; };
		3C0E0829210AFD9700211B0B /* StatisticHeader.swift in Sources */ = {isa = PBXBuildFile; fileRef = 3C0E0828210AFD9700211B0B /* StatisticHeader.swift */; };
		3C0E082B210AFDA200211B0B /* StatisticHeader.xib in Resources */ = {isa = PBXBuildFile; fileRef = 3C0E082A210AFDA200211B0B /* StatisticHeader.xib */; };
		3C12E33B21086A9B0026F1D5 /* PercentagesControlCommon.swift in Sources */ = {isa = PBXBuildFile; fileRef = 3C12E33A21086A9B0026F1D5 /* PercentagesControlCommon.swift */; };
		3C1D566D212A8D4D0096F82D /* ModelСontrollers.swift in Sources */ = {isa = PBXBuildFile; fileRef = 3C1D566C212A8D4D0096F82D /* ModelСontrollers.swift */; };
		3C1DD66F2118135D00383851 /* PowerOfSet.swift in Sources */ = {isa = PBXBuildFile; fileRef = 3C1DD66E2118135D00383851 /* PowerOfSet.swift */; };
		3C1DD6722118183700383851 /* Serialization.swift in Sources */ = {isa = PBXBuildFile; fileRef = 3C1DD6712118183700383851 /* Serialization.swift */; };
		3C1EC266212150BC00E929E5 /* TrimmingLongArgumentLists.swift in Sources */ = {isa = PBXBuildFile; fileRef = 3C1EC265212150BC00E929E5 /* TrimmingLongArgumentLists.swift */; };
		3C1EC2682121526500E929E5 /* UsingGenericTypeConstraints .swift in Sources */ = {isa = PBXBuildFile; fileRef = 3C1EC2672121526500E929E5 /* UsingGenericTypeConstraints .swift */; };
		3C2FA84E20F8860600F54E76 /* StaticFactoryMethods.swift in Sources */ = {isa = PBXBuildFile; fileRef = 3C2FA84D20F8860600F54E76 /* StaticFactoryMethods.swift */; };
		3C2FA85020F8875400F54E76 /* ChildViewControllers.swift in Sources */ = {isa = PBXBuildFile; fileRef = 3C2FA84F20F8875400F54E76 /* ChildViewControllers.swift */; };
		3C2FA85220F88C3400F54E76 /* Delegation.swift in Sources */ = {isa = PBXBuildFile; fileRef = 3C2FA85120F88C3400F54E76 /* Delegation.swift */; };
		3C2FA85420F88FAE00F54E76 /* Observers+NotificationCenter.swift in Sources */ = {isa = PBXBuildFile; fileRef = 3C2FA85320F88FAE00F54E76 /* Observers+NotificationCenter.swift */; };
		3C2FA85620F8918A00F54E76 /* Observers+Protocols.swift in Sources */ = {isa = PBXBuildFile; fileRef = 3C2FA85520F8918A00F54E76 /* Observers+Protocols.swift */; };
		3C2FA85820F892CA00F54E76 /* Observers+ClosureTokens.swift in Sources */ = {isa = PBXBuildFile; fileRef = 3C2FA85720F892CA00F54E76 /* Observers+ClosureTokens.swift */; };
		3C2FA85A20F8BA3900F54E76 /* CodeEncapsulation.swift in Sources */ = {isa = PBXBuildFile; fileRef = 3C2FA85920F8BA3900F54E76 /* CodeEncapsulation.swift */; };
		3C2FA85D20F8BAB100F54E76 /* Result.swift in Sources */ = {isa = PBXBuildFile; fileRef = 3C2FA85C20F8BAB100F54E76 /* Result.swift */; };
		3C2FA85F20F8C29D00F54E76 /* EnumBasedAnalyticsSystem.swift in Sources */ = {isa = PBXBuildFile; fileRef = 3C2FA85E20F8C29D00F54E76 /* EnumBasedAnalyticsSystem.swift */; };
		3C2FA86120F8C88600F54E76 /* AvoidingSingletonsSwift.swift in Sources */ = {isa = PBXBuildFile; fileRef = 3C2FA86020F8C88600F54E76 /* AvoidingSingletonsSwift.swift */; };
		3C30C3D1214B78DF008BBC12 /* ModellingState .swift in Sources */ = {isa = PBXBuildFile; fileRef = 3C30C3D0214B78DF008BBC12 /* ModellingState .swift */; };
		3C36D8B120FF185F0095F9A4 /* UsingTokensToHandleAsync.swift in Sources */ = {isa = PBXBuildFile; fileRef = 3C36D8B020FF185F0095F9A4 /* UsingTokensToHandleAsync.swift */; };
		3C37B767213E4BEB007E625A /* PreventingViewsFromBeingModelAware.swift in Sources */ = {isa = PBXBuildFile; fileRef = 3C37B766213E4BEB007E625A /* PreventingViewsFromBeingModelAware.swift */; };
		3C38E1742107732A005CBDE9 /* RoundPercentagesControl.swift in Sources */ = {isa = PBXBuildFile; fileRef = 3C38E1732107732A005CBDE9 /* RoundPercentagesControl.swift */; };
		3C38E17621077353005CBDE9 /* RoundPercentagesControl.xib in Resources */ = {isa = PBXBuildFile; fileRef = 3C38E17521077353005CBDE9 /* RoundPercentagesControl.xib */; };
		3C40AB9620FC659E00B280B1 /* UsingAutoclosure .swift in Sources */ = {isa = PBXBuildFile; fileRef = 3C40AB9520FC659E00B280B1 /* UsingAutoclosure .swift */; };
		3C40AB9820FC6B4F00B280B1 /* NamespacingAndNestedTypes.swift in Sources */ = {isa = PBXBuildFile; fileRef = 3C40AB9720FC6B4F00B280B1 /* NamespacingAndNestedTypes.swift */; };
		3C4763D8211AC567006D0C1B /* CustomOperators.swift in Sources */ = {isa = PBXBuildFile; fileRef = 3C4763D7211AC567006D0C1B /* CustomOperators.swift */; };
		3C4AA54D2100585C003F484C /* FuturesPromises.swift in Sources */ = {isa = PBXBuildFile; fileRef = 3C4AA54C2100585C003F484C /* FuturesPromises.swift */; };
		3C4AA54F21006423003F484C /* PromiseKit.swift in Sources */ = {isa = PBXBuildFile; fileRef = 3C4AA54E21006423003F484C /* PromiseKit.swift */; };
		3C4C676921254370005D05D5 /* LazyProperties.swift in Sources */ = {isa = PBXBuildFile; fileRef = 3C4C676821254370005D05D5 /* LazyProperties.swift */; };
		3C55FE01213FC4C000ABA745 /* Codable.swift in Sources */ = {isa = PBXBuildFile; fileRef = 3C55FE00213FC4C000ABA745 /* Codable.swift */; };
		3C55FE09213FE41F00ABA745 /* AppDelegate.swift in Sources */ = {isa = PBXBuildFile; fileRef = 3C55FE08213FE41F00ABA745 /* AppDelegate.swift */; };
		3C55FE0B213FE41F00ABA745 /* ViewController.swift in Sources */ = {isa = PBXBuildFile; fileRef = 3C55FE0A213FE41F00ABA745 /* ViewController.swift */; };
		3C55FE0E213FE41F00ABA745 /* Main.storyboard in Resources */ = {isa = PBXBuildFile; fileRef = 3C55FE0C213FE41F00ABA745 /* Main.storyboard */; };
		3C55FE10213FE42400ABA745 /* Assets.xcassets in Resources */ = {isa = PBXBuildFile; fileRef = 3C55FE0F213FE42400ABA745 /* Assets.xcassets */; };
		3C55FE13213FE42400ABA745 /* LaunchScreen.storyboard in Resources */ = {isa = PBXBuildFile; fileRef = 3C55FE11213FE42400ABA745 /* LaunchScreen.storyboard */; };
		3C55FE19213FE57700ABA745 /* DateFormater.swift in Sources */ = {isa = PBXBuildFile; fileRef = 3C55FE18213FE57700ABA745 /* DateFormater.swift */; };
		3C5FF2B22146564F005B41FB /* LightweightPresenters.swift in Sources */ = {isa = PBXBuildFile; fileRef = 3C5FF2B12146564F005B41FB /* LightweightPresenters.swift */; };
		3C6A4F24214A29850071AA0C /* IdentifyingObjects.swift in Sources */ = {isa = PBXBuildFile; fileRef = 3C6A4F23214A29850071AA0C /* IdentifyingObjects.swift */; };
		3C6D8F5B21099BAC000190F3 /* LineControl.swift in Sources */ = {isa = PBXBuildFile; fileRef = 3C6D8F5A21099BAC000190F3 /* LineControl.swift */; };
		3C6D8F5D21099D31000190F3 /* LinePercentagesControl.swift in Sources */ = {isa = PBXBuildFile; fileRef = 3C6D8F5C21099D31000190F3 /* LinePercentagesControl.swift */; };
		3C6D8F5F21099D3C000190F3 /* LinePercentagesControl.xib in Resources */ = {isa = PBXBuildFile; fileRef = 3C6D8F5E21099D3C000190F3 /* LinePercentagesControl.xib */; };
		3C6D8F612109BB9C000190F3 /* CGFloat+Ex.swift in Sources */ = {isa = PBXBuildFile; fileRef = 3C6D8F602109BB9C000190F3 /* CGFloat+Ex.swift */; };
		3C6D8F642109C227000190F3 /* StatisticControl.swift in Sources */ = {isa = PBXBuildFile; fileRef = 3C6D8F632109C227000190F3 /* StatisticControl.swift */; };
		3C6D8F662109C261000190F3 /* StatisticControl.xib in Resources */ = {isa = PBXBuildFile; fileRef = 3C6D8F652109C261000190F3 /* StatisticControl.xib */; };
		3C6D8F682109C87F000190F3 /* UITableView+Ex.swift in Sources */ = {isa = PBXBuildFile; fileRef = 3C6D8F672109C87F000190F3 /* UITableView+Ex.swift */; };
		3C6D8F6C2109C9A5000190F3 /* StatisticCell.swift in Sources */ = {isa = PBXBuildFile; fileRef = 3C6D8F6A2109C9A5000190F3 /* StatisticCell.swift */; };
		3C6D8F6D2109C9A5000190F3 /* StatisticCell.xib in Resources */ = {isa = PBXBuildFile; fileRef = 3C6D8F6B2109C9A5000190F3 /* StatisticCell.xib */; };
		3C7CD75221103951009871B1 /* Tuples.swift in Sources */ = {isa = PBXBuildFile; fileRef = 3C7CD75121103951009871B1 /* Tuples.swift */; };
		3C934C8A210EEFA400E35A4D /* Person.swift in Sources */ = {isa = PBXBuildFile; fileRef = 3C934C89210EEFA400E35A4D /* Person.swift */; };
		3C934C8F210EF1B700E35A4D /* PersonStatisticCell.swift in Sources */ = {isa = PBXBuildFile; fileRef = 3C934C8D210EF1B700E35A4D /* PersonStatisticCell.swift */; };
		3C934C90210EF1B700E35A4D /* PersonStatisticCell.xib in Resources */ = {isa = PBXBuildFile; fileRef = 3C934C8E210EF1B700E35A4D /* PersonStatisticCell.xib */; };
		3C934C92210EF50F00E35A4D /* SecondViewController.swift in Sources */ = {isa = PBXBuildFile; fileRef = 3C934C91210EF50F00E35A4D /* SecondViewController.swift */; };
		3C9A83C62133C9C4008A1F17 /* HandlingMutableModels.swift in Sources */ = {isa = PBXBuildFile; fileRef = 3C9A83C52133C9C4008A1F17 /* HandlingMutableModels.swift */; };
		3C9AA1252147A3AE00085EEC /* СustomСollections.swift in Sources */ = {isa = PBXBuildFile; fileRef = 3C9AA1242147A3AE00085EEC /* СustomСollections.swift */; };
		3CA29A88210B37A80077AB94 /* NSMutableAttributedString.swift in Sources */ = {isa = PBXBuildFile; fileRef = 3CA29A87210B37A80077AB94 /* NSMutableAttributedString.swift */; };
		3CA420A5210B280200C303FC /* StatisticFooter.swift in Sources */ = {isa = PBXBuildFile; fileRef = 3CA420A4210B280200C303FC /* StatisticFooter.swift */; };
		3CA420A7210B281000C303FC /* StatisticFooter.xib in Resources */ = {isa = PBXBuildFile; fileRef = 3CA420A6210B281000C303FC /* StatisticFooter.xib */; };
		3CAA089F2122F88000788EB6 /* PowerOfSwitchStatements.swift in Sources */ = {isa = PBXBuildFile; fileRef = 3CAA089E2122F88000788EB6 /* PowerOfSwitchStatements.swift */; };
		3CBDAD36211D8133007ED110 /* TestProperty.swift in Sources */ = {isa = PBXBuildFile; fileRef = 3CBDAD35211D8133007ED110 /* TestProperty.swift */; };
		3CC2F210213D10F200C59AF2 /* FeatureFlags.swift in Sources */ = {isa = PBXBuildFile; fileRef = 3CC2F20F213D10F200C59AF2 /* FeatureFlags.swift */; };
		3CC2F212213D145400C59AF2 /* Dictionary+ex.swift in Sources */ = {isa = PBXBuildFile; fileRef = 3CC2F211213D145400C59AF2 /* Dictionary+ex.swift */; };
		3CC2F214213D152600C59AF2 /* EarlyReturningFunctions.swift in Sources */ = {isa = PBXBuildFile; fileRef = 3CC2F213213D152600C59AF2 /* EarlyReturningFunctions.swift */; };
		3CC3911C21395741001B42DA /* UsingBuilder .swift in Sources */ = {isa = PBXBuildFile; fileRef = 3CC3911B21395741001B42DA /* UsingBuilder .swift */; };
		3CC633FE2105BD7C002F3B8B /* Assertions.swift in Sources */ = {isa = PBXBuildFile; fileRef = 3CC633FD2105BD7C002F3B8B /* Assertions.swift */; };
		3CC634002105BF2C002F3B8B /* PickingRightWayOfFailing.swift in Sources */ = {isa = PBXBuildFile; fileRef = 3CC633FF2105BF2C002F3B8B /* PickingRightWayOfFailing.swift */; };
		3CC634022105C0C5002F3B8B /* ProvidingUnifiedErrorAPI.swift in Sources */ = {isa = PBXBuildFile; fileRef = 3CC634012105C0C5002F3B8B /* ProvidingUnifiedErrorAPI.swift */; };
		3CC7A3ED2148E56C0057BFEA /* FactoryPattern.swift in Sources */ = {isa = PBXBuildFile; fileRef = 3CC7A3EC2148E56C0057BFEA /* FactoryPattern.swift */; };
		3CCEA34A21528AD00081A7DB /* RoundButton.swift in Sources */ = {isa = PBXBuildFile; fileRef = 3CCEA34921528AD00081A7DB /* RoundButton.swift */; };
		3CD3DB1E213521EB004F0FE7 /* PowerOfResult .swift in Sources */ = {isa = PBXBuildFile; fileRef = 3CD3DB1D213521EB004F0FE7 /* PowerOfResult .swift */; };
		3CD3DB202135258A004F0FE7 /* TypeSafeIdentifiers.swift in Sources */ = {isa = PBXBuildFile; fileRef = 3CD3DB1F2135258A004F0FE7 /* TypeSafeIdentifiers.swift */; };
		3CD85A1E20EF482A008D994C /* AppDelegate.swift in Sources */ = {isa = PBXBuildFile; fileRef = 3CD85A1D20EF482A008D994C /* AppDelegate.swift */; };
		3CD85A2020EF482A008D994C /* ViewController.swift in Sources */ = {isa = PBXBuildFile; fileRef = 3CD85A1F20EF482A008D994C /* ViewController.swift */; };
		3CD85A2320EF482A008D994C /* Main.storyboard in Resources */ = {isa = PBXBuildFile; fileRef = 3CD85A2120EF482A008D994C /* Main.storyboard */; };
		3CD85A2520EF482D008D994C /* Assets.xcassets in Resources */ = {isa = PBXBuildFile; fileRef = 3CD85A2420EF482D008D994C /* Assets.xcassets */; };
		3CD85A2820EF482D008D994C /* LaunchScreen.storyboard in Resources */ = {isa = PBXBuildFile; fileRef = 3CD85A2620EF482D008D994C /* LaunchScreen.storyboard */; };
		3CE41F7021523AB5002A6600 /* AppDelegate.swift in Sources */ = {isa = PBXBuildFile; fileRef = 3CE41F6F21523AB5002A6600 /* AppDelegate.swift */; };
		3CE41F7221523AB5002A6600 /* ViewController.swift in Sources */ = {isa = PBXBuildFile; fileRef = 3CE41F7121523AB5002A6600 /* ViewController.swift */; };
		3CE41F7521523AB5002A6600 /* Main.storyboard in Resources */ = {isa = PBXBuildFile; fileRef = 3CE41F7321523AB5002A6600 /* Main.storyboard */; };
		3CE41F7721523AB8002A6600 /* Assets.xcassets in Resources */ = {isa = PBXBuildFile; fileRef = 3CE41F7621523AB8002A6600 /* Assets.xcassets */; };
		3CE41F7A21523AB8002A6600 /* LaunchScreen.storyboard in Resources */ = {isa = PBXBuildFile; fileRef = 3CE41F7821523AB8002A6600 /* LaunchScreen.storyboard */; };
		3CE41F812152410B002A6600 /* HandlingNonOptionalOptionals.swift in Sources */ = {isa = PBXBuildFile; fileRef = 3CE41F802152410B002A6600 /* HandlingNonOptionalOptionals.swift */; };
		3CE41F832152452D002A6600 /* UserTableViewCell+Ex.swift in Sources */ = {isa = PBXBuildFile; fileRef = 3CE41F822152452D002A6600 /* UserTableViewCell+Ex.swift */; };
		3CE41F872152645B002A6600 /* ETBImageViewerViewController.swift in Sources */ = {isa = PBXBuildFile; fileRef = 3CE41F852152645B002A6600 /* ETBImageViewerViewController.swift */; };
		3CE41F882152645B002A6600 /* ETBImageViewerViewController.xib in Resources */ = {isa = PBXBuildFile; fileRef = 3CE41F862152645B002A6600 /* ETBImageViewerViewController.xib */; };
		3CE41F8D21526B69002A6600 /* ETBImageScrollView.swift in Sources */ = {isa = PBXBuildFile; fileRef = 3CE41F8C21526B69002A6600 /* ETBImageScrollView.swift */; };
		3CE4264720FE0FC00030559C /* DependencyInjectionWithFunctions.swift in Sources */ = {isa = PBXBuildFile; fileRef = 3CE4264620FE0FC00030559C /* DependencyInjectionWithFunctions.swift */; };
		3CE4264920FE15BD0030559C /* TypeErasureUsingClosures.swift in Sources */ = {isa = PBXBuildFile; fileRef = 3CE4264820FE15BD0030559C /* TypeErasureUsingClosures.swift */; };
		3CE8CAF62136AB49003752DC /* LogicControllers.swift in Sources */ = {isa = PBXBuildFile; fileRef = 3CE8CAF52136AB49003752DC /* LogicControllers.swift */; };
		3CEE4255210790FA00671D1D /* UIColor+Ex.swift in Sources */ = {isa = PBXBuildFile; fileRef = 3CEE4254210790FA00671D1D /* UIColor+Ex.swift */; };
		3CEE42572107911E00671D1D /* String+Ex.swift in Sources */ = {isa = PBXBuildFile; fileRef = 3CEE42562107911E00671D1D /* String+Ex.swift */; };
		3CF3D1A22140EFDA00CB004A /* CapturingObjectsInClosures.swift in Sources */ = {isa = PBXBuildFile; fileRef = 3CF3D1A12140EFDA00CB004A /* CapturingObjectsInClosures.swift */; };
		3CF3D1A42140F9C200CB004A /* 2ViewController.swift in Sources */ = {isa = PBXBuildFile; fileRef = 3CF3D1A32140F9C200CB004A /* 2ViewController.swift */; };
		3CF444E5210EECB0005392CF /* PersonStatisticControl.swift in Sources */ = {isa = PBXBuildFile; fileRef = 3CF444E4210EECB0005392CF /* PersonStatisticControl.swift */; };
		3CF444E9210EECCC005392CF /* PersonStatisticControl.xib in Resources */ = {isa = PBXBuildFile; fileRef = 3CF444E8210EECCC005392CF /* PersonStatisticControl.xib */; };
		3CF62BA3214F718A00BD1579 /* ReusableDataSources.swift in Sources */ = {isa = PBXBuildFile; fileRef = 3CF62BA2214F718A00BD1579 /* ReusableDataSources.swift */; };
		3CF720E7211D6B29007B7EC5 /* FirstClassFunctions .swift in Sources */ = {isa = PBXBuildFile; fileRef = 3CF720E6211D6B29007B7EC5 /* FirstClassFunctions .swift */; };
		3CFBCC0B21145A7B00A8A458 /* ETBVariantsControl.swift in Sources */ = {isa = PBXBuildFile; fileRef = 3CFBCC0A21145A7B00A8A458 /* ETBVariantsControl.swift */; };
		3CFBCC0D21145A8300A8A458 /* ETBVariantsControl.xib in Resources */ = {isa = PBXBuildFile; fileRef = 3CFBCC0C21145A8300A8A458 /* ETBVariantsControl.xib */; };
		3CFBCC1221145CC000A8A458 /* ETBVariantTableViewCell.swift in Sources */ = {isa = PBXBuildFile; fileRef = 3CFBCC1021145CC000A8A458 /* ETBVariantTableViewCell.swift */; };
		3CFBCC1321145CC000A8A458 /* ETBVariantTableViewCell.xib in Resources */ = {isa = PBXBuildFile; fileRef = 3CFBCC1121145CC000A8A458 /* ETBVariantTableViewCell.xib */; };
		3CFBCC152114602E00A8A458 /* TreeViewController.swift in Sources */ = {isa = PBXBuildFile; fileRef = 3CFBCC142114602E00A8A458 /* TreeViewController.swift */; };
		3CFC9E352101AEE8008F64D7 /* DeepGCD.swift in Sources */ = {isa = PBXBuildFile; fileRef = 3CFC9E342101AEE8008F64D7 /* DeepGCD.swift */; };
		3CFC9E372101B144008F64D7 /* SynchronizedArray.swift in Sources */ = {isa = PBXBuildFile; fileRef = 3CFC9E362101B144008F64D7 /* SynchronizedArray.swift */; };
		3CFD25352112EDB000128554 /* ETBSimpleTimer.swift in Sources */ = {isa = PBXBuildFile; fileRef = 3CFD25342112EDB000128554 /* ETBSimpleTimer.swift */; };
		3CFD25382112F8FB00128554 /* ETBTimerControl.swift in Sources */ = {isa = PBXBuildFile; fileRef = 3CFD25372112F8FB00128554 /* ETBTimerControl.swift */; };
		3CFD253A2112F91100128554 /* ETBTimerControl.xib in Resources */ = {isa = PBXBuildFile; fileRef = 3CFD25392112F91100128554 /* ETBTimerControl.xib */; };
		3CFD253C2112F95400128554 /* UIView+Ex.swift in Sources */ = {isa = PBXBuildFile; fileRef = 3CFD253B2112F95400128554 /* UIView+Ex.swift */; };
		3CFD254C21132C9500128554 /* ETBAddTimeViewControl.swift in Sources */ = {isa = PBXBuildFile; fileRef = 3CFD254B21132C9500128554 /* ETBAddTimeViewControl.swift */; };
		3CFD254E21132C9F00128554 /* ETBAddTimeViewControl.xib in Resources */ = {isa = PBXBuildFile; fileRef = 3CFD254D21132C9F00128554 /* ETBAddTimeViewControl.xib */; };
		3CFD25512113453F00128554 /* ETBAddTimeViewController.swift in Sources */ = {isa = PBXBuildFile; fileRef = 3CFD254F2113453F00128554 /* ETBAddTimeViewController.swift */; };
		3CFD25522113453F00128554 /* ETBAddTimeViewController.xib in Resources */ = {isa = PBXBuildFile; fileRef = 3CFD25502113453F00128554 /* ETBAddTimeViewController.xib */; };
/* End PBXBuildFile section */

/* Begin PBXFileReference section */
		20F46FA8AA1874A777E409D9 /* Pods-MyWork.release.xcconfig */ = {isa = PBXFileReference; includeInIndex = 1; lastKnownFileType = text.xcconfig; name = "Pods-MyWork.release.xcconfig"; path = "Pods/Target Support Files/Pods-MyWork/Pods-MyWork.release.xcconfig"; sourceTree = "<group>"; };
		3C05E1F9212D342F003CBAD1 /* ModelControllers.swift */ = {isa = PBXFileReference; lastKnownFileType = sourcecode.swift; path = ModelControllers.swift; sourceTree = "<group>"; };
		3C0B1763210EDF34003D9314 /* ConditionalConformances.swift */ = {isa = PBXFileReference; lastKnownFileType = sourcecode.swift; path = ConditionalConformances.swift; sourceTree = "<group>"; };
		3C0E0828210AFD9700211B0B /* StatisticHeader.swift */ = {isa = PBXFileReference; lastKnownFileType = sourcecode.swift; path = StatisticHeader.swift; sourceTree = "<group>"; };
		3C0E082A210AFDA200211B0B /* StatisticHeader.xib */ = {isa = PBXFileReference; lastKnownFileType = file.xib; path = StatisticHeader.xib; sourceTree = "<group>"; };
		3C12E33A21086A9B0026F1D5 /* PercentagesControlCommon.swift */ = {isa = PBXFileReference; lastKnownFileType = sourcecode.swift; path = PercentagesControlCommon.swift; sourceTree = "<group>"; };
		3C1D566C212A8D4D0096F82D /* ModelСontrollers.swift */ = {isa = PBXFileReference; lastKnownFileType = sourcecode.swift; path = "ModelСontrollers.swift"; sourceTree = "<group>"; };
		3C1DD66E2118135D00383851 /* PowerOfSet.swift */ = {isa = PBXFileReference; lastKnownFileType = sourcecode.swift; path = PowerOfSet.swift; sourceTree = "<group>"; };
		3C1DD6712118183700383851 /* Serialization.swift */ = {isa = PBXFileReference; lastKnownFileType = sourcecode.swift; path = Serialization.swift; sourceTree = "<group>"; };
		3C1EC265212150BC00E929E5 /* TrimmingLongArgumentLists.swift */ = {isa = PBXFileReference; lastKnownFileType = sourcecode.swift; path = TrimmingLongArgumentLists.swift; sourceTree = "<group>"; };
		3C1EC2672121526500E929E5 /* UsingGenericTypeConstraints .swift */ = {isa = PBXFileReference; lastKnownFileType = sourcecode.swift; path = "UsingGenericTypeConstraints .swift"; sourceTree = "<group>"; };
		3C2FA84D20F8860600F54E76 /* StaticFactoryMethods.swift */ = {isa = PBXFileReference; lastKnownFileType = sourcecode.swift; path = StaticFactoryMethods.swift; sourceTree = "<group>"; };
		3C2FA84F20F8875400F54E76 /* ChildViewControllers.swift */ = {isa = PBXFileReference; lastKnownFileType = sourcecode.swift; path = ChildViewControllers.swift; sourceTree = "<group>"; };
		3C2FA85120F88C3400F54E76 /* Delegation.swift */ = {isa = PBXFileReference; lastKnownFileType = sourcecode.swift; path = Delegation.swift; sourceTree = "<group>"; };
		3C2FA85320F88FAE00F54E76 /* Observers+NotificationCenter.swift */ = {isa = PBXFileReference; lastKnownFileType = sourcecode.swift; path = "Observers+NotificationCenter.swift"; sourceTree = "<group>"; };
		3C2FA85520F8918A00F54E76 /* Observers+Protocols.swift */ = {isa = PBXFileReference; lastKnownFileType = sourcecode.swift; path = "Observers+Protocols.swift"; sourceTree = "<group>"; };
		3C2FA85720F892CA00F54E76 /* Observers+ClosureTokens.swift */ = {isa = PBXFileReference; lastKnownFileType = sourcecode.swift; path = "Observers+ClosureTokens.swift"; sourceTree = "<group>"; };
		3C2FA85920F8BA3900F54E76 /* CodeEncapsulation.swift */ = {isa = PBXFileReference; lastKnownFileType = sourcecode.swift; path = CodeEncapsulation.swift; sourceTree = "<group>"; };
		3C2FA85C20F8BAB100F54E76 /* Result.swift */ = {isa = PBXFileReference; lastKnownFileType = sourcecode.swift; path = Result.swift; sourceTree = "<group>"; };
		3C2FA85E20F8C29D00F54E76 /* EnumBasedAnalyticsSystem.swift */ = {isa = PBXFileReference; lastKnownFileType = sourcecode.swift; path = EnumBasedAnalyticsSystem.swift; sourceTree = "<group>"; };
		3C2FA86020F8C88600F54E76 /* AvoidingSingletonsSwift.swift */ = {isa = PBXFileReference; lastKnownFileType = sourcecode.swift; path = AvoidingSingletonsSwift.swift; sourceTree = "<group>"; };
		3C30C3D0214B78DF008BBC12 /* ModellingState .swift */ = {isa = PBXFileReference; lastKnownFileType = sourcecode.swift; path = "ModellingState .swift"; sourceTree = "<group>"; };
		3C36D8B020FF185F0095F9A4 /* UsingTokensToHandleAsync.swift */ = {isa = PBXFileReference; lastKnownFileType = sourcecode.swift; path = UsingTokensToHandleAsync.swift; sourceTree = "<group>"; };
		3C37B766213E4BEB007E625A /* PreventingViewsFromBeingModelAware.swift */ = {isa = PBXFileReference; lastKnownFileType = sourcecode.swift; path = PreventingViewsFromBeingModelAware.swift; sourceTree = "<group>"; };
		3C38E1732107732A005CBDE9 /* RoundPercentagesControl.swift */ = {isa = PBXFileReference; lastKnownFileType = sourcecode.swift; path = RoundPercentagesControl.swift; sourceTree = "<group>"; };
		3C38E17521077353005CBDE9 /* RoundPercentagesControl.xib */ = {isa = PBXFileReference; lastKnownFileType = file.xib; path = RoundPercentagesControl.xib; sourceTree = "<group>"; };
		3C40AB9520FC659E00B280B1 /* UsingAutoclosure .swift */ = {isa = PBXFileReference; lastKnownFileType = sourcecode.swift; path = "UsingAutoclosure .swift"; sourceTree = "<group>"; };
		3C40AB9720FC6B4F00B280B1 /* NamespacingAndNestedTypes.swift */ = {isa = PBXFileReference; lastKnownFileType = sourcecode.swift; path = NamespacingAndNestedTypes.swift; sourceTree = "<group>"; };
		3C4763D7211AC567006D0C1B /* CustomOperators.swift */ = {isa = PBXFileReference; lastKnownFileType = sourcecode.swift; path = CustomOperators.swift; sourceTree = "<group>"; };
		3C4AA54C2100585C003F484C /* FuturesPromises.swift */ = {isa = PBXFileReference; lastKnownFileType = sourcecode.swift; path = FuturesPromises.swift; sourceTree = "<group>"; };
		3C4AA54E21006423003F484C /* PromiseKit.swift */ = {isa = PBXFileReference; lastKnownFileType = sourcecode.swift; path = PromiseKit.swift; sourceTree = "<group>"; };
		3C4C676821254370005D05D5 /* LazyProperties.swift */ = {isa = PBXFileReference; lastKnownFileType = sourcecode.swift; path = LazyProperties.swift; sourceTree = "<group>"; };
		3C55FE00213FC4C000ABA745 /* Codable.swift */ = {isa = PBXFileReference; lastKnownFileType = sourcecode.swift; path = Codable.swift; sourceTree = "<group>"; };
		3C55FE06213FE41F00ABA745 /* MyWorkV2.app */ = {isa = PBXFileReference; explicitFileType = wrapper.application; includeInIndex = 0; path = MyWorkV2.app; sourceTree = BUILT_PRODUCTS_DIR; };
		3C55FE08213FE41F00ABA745 /* AppDelegate.swift */ = {isa = PBXFileReference; lastKnownFileType = sourcecode.swift; path = AppDelegate.swift; sourceTree = "<group>"; };
		3C55FE0A213FE41F00ABA745 /* ViewController.swift */ = {isa = PBXFileReference; lastKnownFileType = sourcecode.swift; path = ViewController.swift; sourceTree = "<group>"; };
		3C55FE0D213FE41F00ABA745 /* Base */ = {isa = PBXFileReference; lastKnownFileType = file.storyboard; name = Base; path = Base.lproj/Main.storyboard; sourceTree = "<group>"; };
		3C55FE0F213FE42400ABA745 /* Assets.xcassets */ = {isa = PBXFileReference; lastKnownFileType = folder.assetcatalog; path = Assets.xcassets; sourceTree = "<group>"; };
		3C55FE12213FE42400ABA745 /* Base */ = {isa = PBXFileReference; lastKnownFileType = file.storyboard; name = Base; path = Base.lproj/LaunchScreen.storyboard; sourceTree = "<group>"; };
		3C55FE14213FE42400ABA745 /* Info.plist */ = {isa = PBXFileReference; lastKnownFileType = text.plist.xml; path = Info.plist; sourceTree = "<group>"; };
		3C55FE18213FE57700ABA745 /* DateFormater.swift */ = {isa = PBXFileReference; lastKnownFileType = sourcecode.swift; path = DateFormater.swift; sourceTree = "<group>"; };
		3C5FF2B12146564F005B41FB /* LightweightPresenters.swift */ = {isa = PBXFileReference; lastKnownFileType = sourcecode.swift; path = LightweightPresenters.swift; sourceTree = "<group>"; };
		3C6A4F23214A29850071AA0C /* IdentifyingObjects.swift */ = {isa = PBXFileReference; lastKnownFileType = sourcecode.swift; path = IdentifyingObjects.swift; sourceTree = "<group>"; };
		3C6D8F5A21099BAC000190F3 /* LineControl.swift */ = {isa = PBXFileReference; lastKnownFileType = sourcecode.swift; path = LineControl.swift; sourceTree = "<group>"; };
		3C6D8F5C21099D31000190F3 /* LinePercentagesControl.swift */ = {isa = PBXFileReference; lastKnownFileType = sourcecode.swift; path = LinePercentagesControl.swift; sourceTree = "<group>"; };
		3C6D8F5E21099D3C000190F3 /* LinePercentagesControl.xib */ = {isa = PBXFileReference; lastKnownFileType = file.xib; path = LinePercentagesControl.xib; sourceTree = "<group>"; };
		3C6D8F602109BB9C000190F3 /* CGFloat+Ex.swift */ = {isa = PBXFileReference; lastKnownFileType = sourcecode.swift; path = "CGFloat+Ex.swift"; sourceTree = "<group>"; };
		3C6D8F632109C227000190F3 /* StatisticControl.swift */ = {isa = PBXFileReference; lastKnownFileType = sourcecode.swift; path = StatisticControl.swift; sourceTree = "<group>"; };
		3C6D8F652109C261000190F3 /* StatisticControl.xib */ = {isa = PBXFileReference; lastKnownFileType = file.xib; path = StatisticControl.xib; sourceTree = "<group>"; };
		3C6D8F672109C87F000190F3 /* UITableView+Ex.swift */ = {isa = PBXFileReference; lastKnownFileType = sourcecode.swift; path = "UITableView+Ex.swift"; sourceTree = "<group>"; };
		3C6D8F6A2109C9A5000190F3 /* StatisticCell.swift */ = {isa = PBXFileReference; lastKnownFileType = sourcecode.swift; path = StatisticCell.swift; sourceTree = "<group>"; };
		3C6D8F6B2109C9A5000190F3 /* StatisticCell.xib */ = {isa = PBXFileReference; lastKnownFileType = file.xib; path = StatisticCell.xib; sourceTree = "<group>"; };
		3C7CD75121103951009871B1 /* Tuples.swift */ = {isa = PBXFileReference; lastKnownFileType = sourcecode.swift; path = Tuples.swift; sourceTree = "<group>"; };
		3C934C89210EEFA400E35A4D /* Person.swift */ = {isa = PBXFileReference; lastKnownFileType = sourcecode.swift; path = Person.swift; sourceTree = "<group>"; };
		3C934C8D210EF1B700E35A4D /* PersonStatisticCell.swift */ = {isa = PBXFileReference; lastKnownFileType = sourcecode.swift; path = PersonStatisticCell.swift; sourceTree = "<group>"; };
		3C934C8E210EF1B700E35A4D /* PersonStatisticCell.xib */ = {isa = PBXFileReference; lastKnownFileType = file.xib; path = PersonStatisticCell.xib; sourceTree = "<group>"; };
		3C934C91210EF50F00E35A4D /* SecondViewController.swift */ = {isa = PBXFileReference; lastKnownFileType = sourcecode.swift; path = SecondViewController.swift; sourceTree = "<group>"; };
		3C9A83C52133C9C4008A1F17 /* HandlingMutableModels.swift */ = {isa = PBXFileReference; lastKnownFileType = sourcecode.swift; path = HandlingMutableModels.swift; sourceTree = "<group>"; };
		3C9AA1242147A3AE00085EEC /* СustomСollections.swift */ = {isa = PBXFileReference; lastKnownFileType = sourcecode.swift; path = "СustomСollections.swift"; sourceTree = "<group>"; };
		3CA29A87210B37A80077AB94 /* NSMutableAttributedString.swift */ = {isa = PBXFileReference; lastKnownFileType = sourcecode.swift; path = NSMutableAttributedString.swift; sourceTree = "<group>"; };
		3CA420A4210B280200C303FC /* StatisticFooter.swift */ = {isa = PBXFileReference; lastKnownFileType = sourcecode.swift; path = StatisticFooter.swift; sourceTree = "<group>"; };
		3CA420A6210B281000C303FC /* StatisticFooter.xib */ = {isa = PBXFileReference; lastKnownFileType = file.xib; path = StatisticFooter.xib; sourceTree = "<group>"; };
		3CAA089E2122F88000788EB6 /* PowerOfSwitchStatements.swift */ = {isa = PBXFileReference; lastKnownFileType = sourcecode.swift; path = PowerOfSwitchStatements.swift; sourceTree = "<group>"; };
		3CBDAD35211D8133007ED110 /* TestProperty.swift */ = {isa = PBXFileReference; lastKnownFileType = sourcecode.swift; path = TestProperty.swift; sourceTree = "<group>"; };
		3CC2F20F213D10F200C59AF2 /* FeatureFlags.swift */ = {isa = PBXFileReference; lastKnownFileType = sourcecode.swift; path = FeatureFlags.swift; sourceTree = "<group>"; };
		3CC2F211213D145400C59AF2 /* Dictionary+ex.swift */ = {isa = PBXFileReference; lastKnownFileType = sourcecode.swift; path = "Dictionary+ex.swift"; sourceTree = "<group>"; };
		3CC2F213213D152600C59AF2 /* EarlyReturningFunctions.swift */ = {isa = PBXFileReference; lastKnownFileType = sourcecode.swift; path = EarlyReturningFunctions.swift; sourceTree = "<group>"; };
		3CC3911B21395741001B42DA /* UsingBuilder .swift */ = {isa = PBXFileReference; lastKnownFileType = sourcecode.swift; path = "UsingBuilder .swift"; sourceTree = "<group>"; };
		3CC633FD2105BD7C002F3B8B /* Assertions.swift */ = {isa = PBXFileReference; lastKnownFileType = sourcecode.swift; path = Assertions.swift; sourceTree = "<group>"; };
		3CC633FF2105BF2C002F3B8B /* PickingRightWayOfFailing.swift */ = {isa = PBXFileReference; lastKnownFileType = sourcecode.swift; path = PickingRightWayOfFailing.swift; sourceTree = "<group>"; };
		3CC634012105C0C5002F3B8B /* ProvidingUnifiedErrorAPI.swift */ = {isa = PBXFileReference; lastKnownFileType = sourcecode.swift; path = ProvidingUnifiedErrorAPI.swift; sourceTree = "<group>"; };
		3CC7A3EC2148E56C0057BFEA /* FactoryPattern.swift */ = {isa = PBXFileReference; lastKnownFileType = sourcecode.swift; path = FactoryPattern.swift; sourceTree = "<group>"; };
		3CCEA34921528AD00081A7DB /* RoundButton.swift */ = {isa = PBXFileReference; lastKnownFileType = sourcecode.swift; path = RoundButton.swift; sourceTree = "<group>"; };
		3CD3DB1D213521EB004F0FE7 /* PowerOfResult .swift */ = {isa = PBXFileReference; lastKnownFileType = sourcecode.swift; path = "PowerOfResult .swift"; sourceTree = "<group>"; };
		3CD3DB1F2135258A004F0FE7 /* TypeSafeIdentifiers.swift */ = {isa = PBXFileReference; lastKnownFileType = sourcecode.swift; path = TypeSafeIdentifiers.swift; sourceTree = "<group>"; };
		3CD85A1A20EF482A008D994C /* MyWork.app */ = {isa = PBXFileReference; explicitFileType = wrapper.application; includeInIndex = 0; path = MyWork.app; sourceTree = BUILT_PRODUCTS_DIR; };
		3CD85A1D20EF482A008D994C /* AppDelegate.swift */ = {isa = PBXFileReference; lastKnownFileType = sourcecode.swift; path = AppDelegate.swift; sourceTree = "<group>"; };
		3CD85A1F20EF482A008D994C /* ViewController.swift */ = {isa = PBXFileReference; lastKnownFileType = sourcecode.swift; path = ViewController.swift; sourceTree = "<group>"; };
		3CD85A2220EF482A008D994C /* Base */ = {isa = PBXFileReference; lastKnownFileType = file.storyboard; name = Base; path = Base.lproj/Main.storyboard; sourceTree = "<group>"; };
		3CD85A2420EF482D008D994C /* Assets.xcassets */ = {isa = PBXFileReference; lastKnownFileType = folder.assetcatalog; path = Assets.xcassets; sourceTree = "<group>"; };
		3CD85A2720EF482D008D994C /* Base */ = {isa = PBXFileReference; lastKnownFileType = file.storyboard; name = Base; path = Base.lproj/LaunchScreen.storyboard; sourceTree = "<group>"; };
		3CD85A2920EF482D008D994C /* Info.plist */ = {isa = PBXFileReference; lastKnownFileType = text.plist.xml; path = Info.plist; sourceTree = "<group>"; };
		3CE41F6D21523AB4002A6600 /* UIPart.app */ = {isa = PBXFileReference; explicitFileType = wrapper.application; includeInIndex = 0; path = UIPart.app; sourceTree = BUILT_PRODUCTS_DIR; };
		3CE41F6F21523AB5002A6600 /* AppDelegate.swift */ = {isa = PBXFileReference; lastKnownFileType = sourcecode.swift; path = AppDelegate.swift; sourceTree = "<group>"; };
		3CE41F7121523AB5002A6600 /* ViewController.swift */ = {isa = PBXFileReference; lastKnownFileType = sourcecode.swift; path = ViewController.swift; sourceTree = "<group>"; };
		3CE41F7421523AB5002A6600 /* Base */ = {isa = PBXFileReference; lastKnownFileType = file.storyboard; name = Base; path = Base.lproj/Main.storyboard; sourceTree = "<group>"; };
		3CE41F7621523AB8002A6600 /* Assets.xcassets */ = {isa = PBXFileReference; lastKnownFileType = folder.assetcatalog; path = Assets.xcassets; sourceTree = "<group>"; };
		3CE41F7921523AB8002A6600 /* Base */ = {isa = PBXFileReference; lastKnownFileType = file.storyboard; name = Base; path = Base.lproj/LaunchScreen.storyboard; sourceTree = "<group>"; };
		3CE41F7B21523AB8002A6600 /* Info.plist */ = {isa = PBXFileReference; lastKnownFileType = text.plist.xml; path = Info.plist; sourceTree = "<group>"; };
		3CE41F802152410B002A6600 /* HandlingNonOptionalOptionals.swift */ = {isa = PBXFileReference; lastKnownFileType = sourcecode.swift; path = HandlingNonOptionalOptionals.swift; sourceTree = "<group>"; };
		3CE41F822152452D002A6600 /* UserTableViewCell+Ex.swift */ = {isa = PBXFileReference; lastKnownFileType = sourcecode.swift; path = "UserTableViewCell+Ex.swift"; sourceTree = "<group>"; };
		3CE41F852152645B002A6600 /* ETBImageViewerViewController.swift */ = {isa = PBXFileReference; lastKnownFileType = sourcecode.swift; path = ETBImageViewerViewController.swift; sourceTree = "<group>"; };
		3CE41F862152645B002A6600 /* ETBImageViewerViewController.xib */ = {isa = PBXFileReference; lastKnownFileType = file.xib; path = ETBImageViewerViewController.xib; sourceTree = "<group>"; };
		3CE41F8C21526B69002A6600 /* ETBImageScrollView.swift */ = {isa = PBXFileReference; lastKnownFileType = sourcecode.swift; path = ETBImageScrollView.swift; sourceTree = "<group>"; };
		3CE4264620FE0FC00030559C /* DependencyInjectionWithFunctions.swift */ = {isa = PBXFileReference; lastKnownFileType = sourcecode.swift; path = DependencyInjectionWithFunctions.swift; sourceTree = "<group>"; };
		3CE4264820FE15BD0030559C /* TypeErasureUsingClosures.swift */ = {isa = PBXFileReference; lastKnownFileType = sourcecode.swift; path = TypeErasureUsingClosures.swift; sourceTree = "<group>"; };
		3CE8CAF52136AB49003752DC /* LogicControllers.swift */ = {isa = PBXFileReference; lastKnownFileType = sourcecode.swift; path = LogicControllers.swift; sourceTree = "<group>"; };
		3CEE4254210790FA00671D1D /* UIColor+Ex.swift */ = {isa = PBXFileReference; lastKnownFileType = sourcecode.swift; path = "UIColor+Ex.swift"; sourceTree = "<group>"; };
		3CEE42562107911E00671D1D /* String+Ex.swift */ = {isa = PBXFileReference; lastKnownFileType = sourcecode.swift; path = "String+Ex.swift"; sourceTree = "<group>"; };
		3CF3D1A12140EFDA00CB004A /* CapturingObjectsInClosures.swift */ = {isa = PBXFileReference; lastKnownFileType = sourcecode.swift; path = CapturingObjectsInClosures.swift; sourceTree = "<group>"; };
		3CF3D1A32140F9C200CB004A /* 2ViewController.swift */ = {isa = PBXFileReference; lastKnownFileType = sourcecode.swift; path = 2ViewController.swift; sourceTree = "<group>"; };
		3CF444E4210EECB0005392CF /* PersonStatisticControl.swift */ = {isa = PBXFileReference; lastKnownFileType = sourcecode.swift; path = PersonStatisticControl.swift; sourceTree = "<group>"; };
		3CF444E8210EECCC005392CF /* PersonStatisticControl.xib */ = {isa = PBXFileReference; lastKnownFileType = file.xib; path = PersonStatisticControl.xib; sourceTree = "<group>"; };
		3CF62BA2214F718A00BD1579 /* ReusableDataSources.swift */ = {isa = PBXFileReference; lastKnownFileType = sourcecode.swift; path = ReusableDataSources.swift; sourceTree = "<group>"; };
		3CF720E6211D6B29007B7EC5 /* FirstClassFunctions .swift */ = {isa = PBXFileReference; lastKnownFileType = sourcecode.swift; path = "FirstClassFunctions .swift"; sourceTree = "<group>"; };
		3CFBCC0A21145A7B00A8A458 /* ETBVariantsControl.swift */ = {isa = PBXFileReference; lastKnownFileType = sourcecode.swift; path = ETBVariantsControl.swift; sourceTree = "<group>"; };
		3CFBCC0C21145A8300A8A458 /* ETBVariantsControl.xib */ = {isa = PBXFileReference; lastKnownFileType = file.xib; path = ETBVariantsControl.xib; sourceTree = "<group>"; };
		3CFBCC1021145CC000A8A458 /* ETBVariantTableViewCell.swift */ = {isa = PBXFileReference; lastKnownFileType = sourcecode.swift; path = ETBVariantTableViewCell.swift; sourceTree = "<group>"; };
		3CFBCC1121145CC000A8A458 /* ETBVariantTableViewCell.xib */ = {isa = PBXFileReference; lastKnownFileType = file.xib; path = ETBVariantTableViewCell.xib; sourceTree = "<group>"; };
		3CFBCC142114602E00A8A458 /* TreeViewController.swift */ = {isa = PBXFileReference; lastKnownFileType = sourcecode.swift; path = TreeViewController.swift; sourceTree = "<group>"; };
		3CFC9E342101AEE8008F64D7 /* DeepGCD.swift */ = {isa = PBXFileReference; lastKnownFileType = sourcecode.swift; path = DeepGCD.swift; sourceTree = "<group>"; };
		3CFC9E362101B144008F64D7 /* SynchronizedArray.swift */ = {isa = PBXFileReference; lastKnownFileType = sourcecode.swift; path = SynchronizedArray.swift; sourceTree = "<group>"; };
		3CFD25342112EDB000128554 /* ETBSimpleTimer.swift */ = {isa = PBXFileReference; lastKnownFileType = sourcecode.swift; path = ETBSimpleTimer.swift; sourceTree = "<group>"; };
		3CFD25372112F8FB00128554 /* ETBTimerControl.swift */ = {isa = PBXFileReference; lastKnownFileType = sourcecode.swift; path = ETBTimerControl.swift; sourceTree = "<group>"; };
		3CFD25392112F91100128554 /* ETBTimerControl.xib */ = {isa = PBXFileReference; lastKnownFileType = file.xib; path = ETBTimerControl.xib; sourceTree = "<group>"; };
		3CFD253B2112F95400128554 /* UIView+Ex.swift */ = {isa = PBXFileReference; lastKnownFileType = sourcecode.swift; path = "UIView+Ex.swift"; sourceTree = "<group>"; };
		3CFD254B21132C9500128554 /* ETBAddTimeViewControl.swift */ = {isa = PBXFileReference; lastKnownFileType = sourcecode.swift; path = ETBAddTimeViewControl.swift; sourceTree = "<group>"; };
		3CFD254D21132C9F00128554 /* ETBAddTimeViewControl.xib */ = {isa = PBXFileReference; lastKnownFileType = file.xib; path = ETBAddTimeViewControl.xib; sourceTree = "<group>"; };
		3CFD254F2113453F00128554 /* ETBAddTimeViewController.swift */ = {isa = PBXFileReference; lastKnownFileType = sourcecode.swift; path = ETBAddTimeViewController.swift; sourceTree = "<group>"; };
		3CFD25502113453F00128554 /* ETBAddTimeViewController.xib */ = {isa = PBXFileReference; lastKnownFileType = file.xib; path = ETBAddTimeViewController.xib; sourceTree = "<group>"; };
		44AC2E2FE02E3DEB7D5A481B /* Pods_MyWork.framework */ = {isa = PBXFileReference; explicitFileType = wrapper.framework; includeInIndex = 0; path = Pods_MyWork.framework; sourceTree = BUILT_PRODUCTS_DIR; };
		D63A3AC3C3088AF515DBB31C /* Pods-MyWork.debug.xcconfig */ = {isa = PBXFileReference; includeInIndex = 1; lastKnownFileType = text.xcconfig; name = "Pods-MyWork.debug.xcconfig"; path = "Pods/Target Support Files/Pods-MyWork/Pods-MyWork.debug.xcconfig"; sourceTree = "<group>"; };
/* End PBXFileReference section */

/* Begin PBXFrameworksBuildPhase section */
		3C55FE03213FE41F00ABA745 /* Frameworks */ = {
			isa = PBXFrameworksBuildPhase;
			buildActionMask = 2147483647;
			files = (
			);
			runOnlyForDeploymentPostprocessing = 0;
		};
		3CD85A1720EF482A008D994C /* Frameworks */ = {
			isa = PBXFrameworksBuildPhase;
			buildActionMask = 2147483647;
			files = (
				0ED8786B7DB985A3964893C8 /* Pods_MyWork.framework in Frameworks */,
			);
			runOnlyForDeploymentPostprocessing = 0;
		};
		3CE41F6A21523AB4002A6600 /* Frameworks */ = {
			isa = PBXFrameworksBuildPhase;
			buildActionMask = 2147483647;
			files = (
			);
			runOnlyForDeploymentPostprocessing = 0;
		};
/* End PBXFrameworksBuildPhase section */

/* Begin PBXGroup section */
		0A62CB7B25171A6FCD0001F5 /* Frameworks */ = {
			isa = PBXGroup;
			children = (
				44AC2E2FE02E3DEB7D5A481B /* Pods_MyWork.framework */,
			);
			name = Frameworks;
			sourceTree = "<group>";
		};
		3C0B1761210EDD85003D9314 /* Models */ = {
			isa = PBXGroup;
			children = (
				3C12E33A21086A9B0026F1D5 /* PercentagesControlCommon.swift */,
				3C934C89210EEFA400E35A4D /* Person.swift */,
			);
			path = Models;
			sourceTree = "<group>";
		};
		3C0E081D210AF3FD00211B0B /* Header */ = {
			isa = PBXGroup;
			children = (
				3C0E0828210AFD9700211B0B /* StatisticHeader.swift */,
				3C0E082A210AFDA200211B0B /* StatisticHeader.xib */,
			);
			path = Header;
			sourceTree = "<group>";
		};
		3C12E33821086A610026F1D5 /* PercentagesControls */ = {
			isa = PBXGroup;
			children = (
				3C0B1761210EDD85003D9314 /* Models */,
				3CF444E3210EEC91005392CF /* PersonStatisticControl */,
				3C6D8F622109C1FC000190F3 /* StatisticControl */,
				3C1D9C7121089F43006DF537 /* LinePercentagesControl */,
				3C12E33921086A750026F1D5 /* RoundPercentagesControl */,
			);
			path = PercentagesControls;
			sourceTree = "<group>";
		};
		3C12E33921086A750026F1D5 /* RoundPercentagesControl */ = {
			isa = PBXGroup;
			children = (
				3C38E1732107732A005CBDE9 /* RoundPercentagesControl.swift */,
				3C38E17521077353005CBDE9 /* RoundPercentagesControl.xib */,
			);
			path = RoundPercentagesControl;
			sourceTree = "<group>";
		};
		3C1D9C7121089F43006DF537 /* LinePercentagesControl */ = {
			isa = PBXGroup;
			children = (
				3C6D8F5A21099BAC000190F3 /* LineControl.swift */,
				3C6D8F5C21099D31000190F3 /* LinePercentagesControl.swift */,
				3C6D8F5E21099D3C000190F3 /* LinePercentagesControl.xib */,
			);
			path = LinePercentagesControl;
			sourceTree = "<group>";
		};
		3C2FA84B20F885CD00F54E76 /* View controllers & Navigation */ = {
			isa = PBXGroup;
			children = (
				3C2FA84F20F8875400F54E76 /* ChildViewControllers.swift */,
			);
			path = "View controllers & Navigation";
			sourceTree = "<group>";
		};
		3C2FA85B20F8BA9C00F54E76 /* Utils */ = {
			isa = PBXGroup;
			children = (
				3C2FA85C20F8BAB100F54E76 /* Result.swift */,
				3CEE4254210790FA00671D1D /* UIColor+Ex.swift */,
				3CEE42562107911E00671D1D /* String+Ex.swift */,
				3C6D8F602109BB9C000190F3 /* CGFloat+Ex.swift */,
				3C6D8F672109C87F000190F3 /* UITableView+Ex.swift */,
				3CA29A87210B37A80077AB94 /* NSMutableAttributedString.swift */,
				3CFD253B2112F95400128554 /* UIView+Ex.swift */,
				3CC2F211213D145400C59AF2 /* Dictionary+ex.swift */,
				3CE41F822152452D002A6600 /* UserTableViewCell+Ex.swift */,
			);
			path = Utils;
			sourceTree = "<group>";
		};
		3C36D8AF20FF18300095F9A4 /* ConcurrencyProgramming */ = {
			isa = PBXGroup;
			children = (
				3CFC9E342101AEE8008F64D7 /* DeepGCD.swift */,
				3C36D8B020FF185F0095F9A4 /* UsingTokensToHandleAsync.swift */,
				3C4AA54C2100585C003F484C /* FuturesPromises.swift */,
				3C4AA54E21006423003F484C /* PromiseKit.swift */,
				3CFC9E362101B144008F64D7 /* SynchronizedArray.swift */,
			);
			path = ConcurrencyProgramming;
			sourceTree = "<group>";
		};
		3C38E172210772DD005CBDE9 /* UIControls */ = {
			isa = PBXGroup;
			children = (
				3CFBCC0921145A5500A8A458 /* AllVariantsControl */,
				3CFD25362112F8D700128554 /* TimerControl */,
				3C12E33821086A610026F1D5 /* PercentagesControls */,
			);
			path = UIControls;
			sourceTree = "<group>";
		};
		3C55FDFF213FC4AC00ABA745 /* Habr */ = {
			isa = PBXGroup;
			children = (
				3C55FE00213FC4C000ABA745 /* Codable.swift */,
			);
			path = Habr;
			sourceTree = "<group>";
		};
		3C55FE07213FE41F00ABA745 /* MyWorkV2 */ = {
			isa = PBXGroup;
			children = (
				3C55FE18213FE57700ABA745 /* DateFormater.swift */,
				3C55FE08213FE41F00ABA745 /* AppDelegate.swift */,
				3C55FE0A213FE41F00ABA745 /* ViewController.swift */,
				3C55FE0C213FE41F00ABA745 /* Main.storyboard */,
				3C55FE0F213FE42400ABA745 /* Assets.xcassets */,
				3C55FE11213FE42400ABA745 /* LaunchScreen.storyboard */,
				3C55FE14213FE42400ABA745 /* Info.plist */,
				3CF3D1A32140F9C200CB004A /* 2ViewController.swift */,
			);
			path = MyWorkV2;
			sourceTree = "<group>";
		};
		3C6D8F622109C1FC000190F3 /* StatisticControl */ = {
			isa = PBXGroup;
			children = (
				3CA420A3210B27EB00C303FC /* Footer */,
				3C0E081D210AF3FD00211B0B /* Header */,
				3C6D8F692109C966000190F3 /* Cell */,
				3C6D8F632109C227000190F3 /* StatisticControl.swift */,
				3C6D8F652109C261000190F3 /* StatisticControl.xib */,
			);
			path = StatisticControl;
			sourceTree = "<group>";
		};
		3C6D8F692109C966000190F3 /* Cell */ = {
			isa = PBXGroup;
			children = (
				3C6D8F6A2109C9A5000190F3 /* StatisticCell.swift */,
				3C6D8F6B2109C9A5000190F3 /* StatisticCell.xib */,
			);
			path = Cell;
			sourceTree = "<group>";
		};
		3C934C88210EEF7700E35A4D /* Cell */ = {
			isa = PBXGroup;
			children = (
				3C934C8D210EF1B700E35A4D /* PersonStatisticCell.swift */,
				3C934C8E210EF1B700E35A4D /* PersonStatisticCell.xib */,
			);
			path = Cell;
			sourceTree = "<group>";
		};
		3CA420A3210B27EB00C303FC /* Footer */ = {
			isa = PBXGroup;
			children = (
				3CA420A4210B280200C303FC /* StatisticFooter.swift */,
				3CA420A6210B281000C303FC /* StatisticFooter.xib */,
			);
			path = Footer;
			sourceTree = "<group>";
		};
		3CC633FC2105BD63002F3B8B /* ErrorHandling */ = {
			isa = PBXGroup;
			children = (
				3CC633FD2105BD7C002F3B8B /* Assertions.swift */,
				3CC633FF2105BF2C002F3B8B /* PickingRightWayOfFailing.swift */,
				3CC634012105C0C5002F3B8B /* ProvidingUnifiedErrorAPI.swift */,
			);
			path = ErrorHandling;
			sourceTree = "<group>";
		};
		3CCEA34821528A8B0081A7DB /* Controls */ = {
			isa = PBXGroup;
			children = (
				3CCEA34921528AD00081A7DB /* RoundButton.swift */,
			);
			path = Controls;
			sourceTree = "<group>";
		};
		3CD85A1120EF482A008D994C = {
			isa = PBXGroup;
			children = (
				3CD85A1C20EF482A008D994C /* MyWork */,
				3C55FE07213FE41F00ABA745 /* MyWorkV2 */,
				3CE41F6E21523AB5002A6600 /* UIPart */,
				3CD85A1B20EF482A008D994C /* Products */,
				CE930C0AC3A3715B8BA78B66 /* Pods */,
				0A62CB7B25171A6FCD0001F5 /* Frameworks */,
			);
			sourceTree = "<group>";
		};
		3CD85A1B20EF482A008D994C /* Products */ = {
			isa = PBXGroup;
			children = (
				3CD85A1A20EF482A008D994C /* MyWork.app */,
				3C55FE06213FE41F00ABA745 /* MyWorkV2.app */,
				3CE41F6D21523AB4002A6600 /* UIPart.app */,
			);
			name = Products;
			sourceTree = "<group>";
		};
		3CD85A1C20EF482A008D994C /* MyWork */ = {
			isa = PBXGroup;
			children = (
				3C55FDFF213FC4AC00ABA745 /* Habr */,
				3C37B766213E4BEB007E625A /* PreventingViewsFromBeingModelAware.swift */,
				3CE41F802152410B002A6600 /* HandlingNonOptionalOptionals.swift */,
				3CF62BA2214F718A00BD1579 /* ReusableDataSources.swift */,
				3C30C3D0214B78DF008BBC12 /* ModellingState .swift */,
				3C6A4F23214A29850071AA0C /* IdentifyingObjects.swift */,
				3CC7A3EC2148E56C0057BFEA /* FactoryPattern.swift */,
				3C9AA1242147A3AE00085EEC /* СustomСollections.swift */,
				3C5FF2B12146564F005B41FB /* LightweightPresenters.swift */,
				3CF3D1A12140EFDA00CB004A /* CapturingObjectsInClosures.swift */,
				3CC2F213213D152600C59AF2 /* EarlyReturningFunctions.swift */,
				3CC2F20F213D10F200C59AF2 /* FeatureFlags.swift */,
				3C1DD6712118183700383851 /* Serialization.swift */,
				3CBDAD35211D8133007ED110 /* TestProperty.swift */,
				3C1EC265212150BC00E929E5 /* TrimmingLongArgumentLists.swift */,
				3C1D566C212A8D4D0096F82D /* ModelСontrollers.swift */,
				3C05E1F9212D342F003CBAD1 /* ModelControllers.swift */,
				3C9A83C52133C9C4008A1F17 /* HandlingMutableModels.swift */,
				3CD3DB1D213521EB004F0FE7 /* PowerOfResult .swift */,
				3CD3DB1F2135258A004F0FE7 /* TypeSafeIdentifiers.swift */,
				3CE8CAF52136AB49003752DC /* LogicControllers.swift */,
				3CC3911B21395741001B42DA /* UsingBuilder .swift */,
				3C2FA84D20F8860600F54E76 /* StaticFactoryMethods.swift */,
				3C2FA85120F88C3400F54E76 /* Delegation.swift */,
				3C2FA85320F88FAE00F54E76 /* Observers+NotificationCenter.swift */,
				3C2FA85520F8918A00F54E76 /* Observers+Protocols.swift */,
				3C2FA85720F892CA00F54E76 /* Observers+ClosureTokens.swift */,
				3C2FA85920F8BA3900F54E76 /* CodeEncapsulation.swift */,
				3C2FA85E20F8C29D00F54E76 /* EnumBasedAnalyticsSystem.swift */,
				3C2FA86020F8C88600F54E76 /* AvoidingSingletonsSwift.swift */,
				3C40AB9520FC659E00B280B1 /* UsingAutoclosure .swift */,
				3C40AB9720FC6B4F00B280B1 /* NamespacingAndNestedTypes.swift */,
				3CE4264620FE0FC00030559C /* DependencyInjectionWithFunctions.swift */,
				3CE4264820FE15BD0030559C /* TypeErasureUsingClosures.swift */,
				3C0B1763210EDF34003D9314 /* ConditionalConformances.swift */,
				3C7CD75121103951009871B1 /* Tuples.swift */,
				3C1DD66E2118135D00383851 /* PowerOfSet.swift */,
				3C4763D7211AC567006D0C1B /* CustomOperators.swift */,
				3CF720E6211D6B29007B7EC5 /* FirstClassFunctions .swift */,
				3C1EC2672121526500E929E5 /* UsingGenericTypeConstraints .swift */,
				3CAA089E2122F88000788EB6 /* PowerOfSwitchStatements.swift */,
				3C4C676821254370005D05D5 /* LazyProperties.swift */,
				3C38E172210772DD005CBDE9 /* UIControls */,
				3CC633FC2105BD63002F3B8B /* ErrorHandling */,
				3C36D8AF20FF18300095F9A4 /* ConcurrencyProgramming */,
				3C2FA85B20F8BA9C00F54E76 /* Utils */,
				3C2FA84B20F885CD00F54E76 /* View controllers & Navigation */,
				3CD85A1D20EF482A008D994C /* AppDelegate.swift */,
				3CFBCC142114602E00A8A458 /* TreeViewController.swift */,
				3CD85A1F20EF482A008D994C /* ViewController.swift */,
				3C934C91210EF50F00E35A4D /* SecondViewController.swift */,
				3CD85A2120EF482A008D994C /* Main.storyboard */,
				3CD85A2420EF482D008D994C /* Assets.xcassets */,
				3CD85A2620EF482D008D994C /* LaunchScreen.storyboard */,
				3CD85A2920EF482D008D994C /* Info.plist */,
			);
			path = MyWork;
			sourceTree = "<group>";
		};
		3CE41F6E21523AB5002A6600 /* UIPart */ = {
			isa = PBXGroup;
			children = (
				3CCEA34821528A8B0081A7DB /* Controls */,
				3CE41F84215263FB002A6600 /* ImageViewer */,
				3CE41F6F21523AB5002A6600 /* AppDelegate.swift */,
				3CE41F7121523AB5002A6600 /* ViewController.swift */,
				3CE41F7321523AB5002A6600 /* Main.storyboard */,
				3CE41F7621523AB8002A6600 /* Assets.xcassets */,
				3CE41F7821523AB8002A6600 /* LaunchScreen.storyboard */,
				3CE41F7B21523AB8002A6600 /* Info.plist */,
			);
			path = UIPart;
			sourceTree = "<group>";
		};
		3CE41F84215263FB002A6600 /* ImageViewer */ = {
			isa = PBXGroup;
			children = (
				3CE41F852152645B002A6600 /* ETBImageViewerViewController.swift */,
				3CE41F862152645B002A6600 /* ETBImageViewerViewController.xib */,
				3CE41F8C21526B69002A6600 /* ETBImageScrollView.swift */,
			);
			path = ImageViewer;
			sourceTree = "<group>";
		};
		3CF444E3210EEC91005392CF /* PersonStatisticControl */ = {
			isa = PBXGroup;
			children = (
				3C934C88210EEF7700E35A4D /* Cell */,
				3CF444E4210EECB0005392CF /* PersonStatisticControl.swift */,
				3CF444E8210EECCC005392CF /* PersonStatisticControl.xib */,
			);
			path = PersonStatisticControl;
			sourceTree = "<group>";
		};
		3CFBCC0921145A5500A8A458 /* AllVariantsControl */ = {
			isa = PBXGroup;
			children = (
				3CFBCC0E21145C9600A8A458 /* Cell */,
				3CFBCC0A21145A7B00A8A458 /* ETBVariantsControl.swift */,
				3CFBCC0C21145A8300A8A458 /* ETBVariantsControl.xib */,
			);
			path = AllVariantsControl;
			sourceTree = "<group>";
		};
		3CFBCC0E21145C9600A8A458 /* Cell */ = {
			isa = PBXGroup;
			children = (
				3CFBCC1021145CC000A8A458 /* ETBVariantTableViewCell.swift */,
				3CFBCC1121145CC000A8A458 /* ETBVariantTableViewCell.xib */,
			);
			path = Cell;
			sourceTree = "<group>";
		};
		3CFD25362112F8D700128554 /* TimerControl */ = {
			isa = PBXGroup;
			children = (
				3CFD25342112EDB000128554 /* ETBSimpleTimer.swift */,
				3CFD25372112F8FB00128554 /* ETBTimerControl.swift */,
				3CFD25392112F91100128554 /* ETBTimerControl.xib */,
				3CFD254B21132C9500128554 /* ETBAddTimeViewControl.swift */,
				3CFD254D21132C9F00128554 /* ETBAddTimeViewControl.xib */,
				3CFD254F2113453F00128554 /* ETBAddTimeViewController.swift */,
				3CFD25502113453F00128554 /* ETBAddTimeViewController.xib */,
			);
			path = TimerControl;
			sourceTree = "<group>";
		};
		CE930C0AC3A3715B8BA78B66 /* Pods */ = {
			isa = PBXGroup;
			children = (
				D63A3AC3C3088AF515DBB31C /* Pods-MyWork.debug.xcconfig */,
				20F46FA8AA1874A777E409D9 /* Pods-MyWork.release.xcconfig */,
			);
			name = Pods;
			sourceTree = "<group>";
		};
/* End PBXGroup section */

/* Begin PBXNativeTarget section */
		3C55FE05213FE41F00ABA745 /* MyWorkV2 */ = {
			isa = PBXNativeTarget;
			buildConfigurationList = 3C55FE15213FE42400ABA745 /* Build configuration list for PBXNativeTarget "MyWorkV2" */;
			buildPhases = (
				3C55FE02213FE41F00ABA745 /* Sources */,
				3C55FE03213FE41F00ABA745 /* Frameworks */,
				3C55FE04213FE41F00ABA745 /* Resources */,
			);
			buildRules = (
			);
			dependencies = (
			);
			name = MyWorkV2;
			productName = MyWorkV2;
			productReference = 3C55FE06213FE41F00ABA745 /* MyWorkV2.app */;
			productType = "com.apple.product-type.application";
		};
		3CD85A1920EF482A008D994C /* MyWork */ = {
			isa = PBXNativeTarget;
			buildConfigurationList = 3CD85A2C20EF482D008D994C /* Build configuration list for PBXNativeTarget "MyWork" */;
			buildPhases = (
				FFA2E5B8E53FBECA8EBD6EAB /* [CP] Check Pods Manifest.lock */,
				3CD85A1620EF482A008D994C /* Sources */,
				3CD85A1720EF482A008D994C /* Frameworks */,
				3CD85A1820EF482A008D994C /* Resources */,
				6CE6F8A65F63ACA8B4D17589 /* [CP] Embed Pods Frameworks */,
			);
			buildRules = (
			);
			dependencies = (
			);
			name = MyWork;
			productName = MyWork;
			productReference = 3CD85A1A20EF482A008D994C /* MyWork.app */;
			productType = "com.apple.product-type.application";
		};
		3CE41F6C21523AB4002A6600 /* UIPart */ = {
			isa = PBXNativeTarget;
			buildConfigurationList = 3CE41F7C21523AB8002A6600 /* Build configuration list for PBXNativeTarget "UIPart" */;
			buildPhases = (
				3CE41F6921523AB4002A6600 /* Sources */,
				3CE41F6A21523AB4002A6600 /* Frameworks */,
				3CE41F6B21523AB4002A6600 /* Resources */,
			);
			buildRules = (
			);
			dependencies = (
			);
			name = UIPart;
			productName = UIPart;
			productReference = 3CE41F6D21523AB4002A6600 /* UIPart.app */;
			productType = "com.apple.product-type.application";
		};
/* End PBXNativeTarget section */

/* Begin PBXProject section */
		3CD85A1220EF482A008D994C /* Project object */ = {
			isa = PBXProject;
			attributes = {
				LastSwiftUpdateCheck = 1000;
				LastUpgradeCheck = 0940;
				ORGANIZATIONNAME = "Vladislav Gushin";
				TargetAttributes = {
					3C55FE05213FE41F00ABA745 = {
						CreatedOnToolsVersion = 9.4.1;
					};
					3CD85A1920EF482A008D994C = {
						CreatedOnToolsVersion = 9.4.1;
					};
					3CE41F6C21523AB4002A6600 = {
						CreatedOnToolsVersion = 10.0;
					};
				};
			};
			buildConfigurationList = 3CD85A1520EF482A008D994C /* Build configuration list for PBXProject "MyWork" */;
			compatibilityVersion = "Xcode 9.3";
			developmentRegion = en;
			hasScannedForEncodings = 0;
			knownRegions = (
				en,
				Base,
			);
			mainGroup = 3CD85A1120EF482A008D994C;
			productRefGroup = 3CD85A1B20EF482A008D994C /* Products */;
			projectDirPath = "";
			projectRoot = "";
			targets = (
				3CD85A1920EF482A008D994C /* MyWork */,
				3C55FE05213FE41F00ABA745 /* MyWorkV2 */,
				3CE41F6C21523AB4002A6600 /* UIPart */,
			);
		};
/* End PBXProject section */

/* Begin PBXResourcesBuildPhase section */
		3C55FE04213FE41F00ABA745 /* Resources */ = {
			isa = PBXResourcesBuildPhase;
			buildActionMask = 2147483647;
			files = (
				3C55FE13213FE42400ABA745 /* LaunchScreen.storyboard in Resources */,
				3C55FE10213FE42400ABA745 /* Assets.xcassets in Resources */,
				3C55FE0E213FE41F00ABA745 /* Main.storyboard in Resources */,
			);
			runOnlyForDeploymentPostprocessing = 0;
		};
		3CD85A1820EF482A008D994C /* Resources */ = {
			isa = PBXResourcesBuildPhase;
			buildActionMask = 2147483647;
			files = (
				3CD85A2820EF482D008D994C /* LaunchScreen.storyboard in Resources */,
				3CFD25522113453F00128554 /* ETBAddTimeViewController.xib in Resources */,
				3C934C90210EF1B700E35A4D /* PersonStatisticCell.xib in Resources */,
				3CFBCC0D21145A8300A8A458 /* ETBVariantsControl.xib in Resources */,
				3CD85A2520EF482D008D994C /* Assets.xcassets in Resources */,
				3CFD254E21132C9F00128554 /* ETBAddTimeViewControl.xib in Resources */,
				3CFD253A2112F91100128554 /* ETBTimerControl.xib in Resources */,
				3C38E17621077353005CBDE9 /* RoundPercentagesControl.xib in Resources */,
				3C0E082B210AFDA200211B0B /* StatisticHeader.xib in Resources */,
				3C6D8F6D2109C9A5000190F3 /* StatisticCell.xib in Resources */,
				3C6D8F662109C261000190F3 /* StatisticControl.xib in Resources */,
				3CF444E9210EECCC005392CF /* PersonStatisticControl.xib in Resources */,
				3CD85A2320EF482A008D994C /* Main.storyboard in Resources */,
				3CA420A7210B281000C303FC /* StatisticFooter.xib in Resources */,
				3C6D8F5F21099D3C000190F3 /* LinePercentagesControl.xib in Resources */,
				3CFBCC1321145CC000A8A458 /* ETBVariantTableViewCell.xib in Resources */,
			);
			runOnlyForDeploymentPostprocessing = 0;
		};
		3CE41F6B21523AB4002A6600 /* Resources */ = {
			isa = PBXResourcesBuildPhase;
			buildActionMask = 2147483647;
			files = (
				3CE41F882152645B002A6600 /* ETBImageViewerViewController.xib in Resources */,
				3CE41F7A21523AB8002A6600 /* LaunchScreen.storyboard in Resources */,
				3CE41F7721523AB8002A6600 /* Assets.xcassets in Resources */,
				3CE41F7521523AB5002A6600 /* Main.storyboard in Resources */,
			);
			runOnlyForDeploymentPostprocessing = 0;
		};
/* End PBXResourcesBuildPhase section */

/* Begin PBXShellScriptBuildPhase section */
		6CE6F8A65F63ACA8B4D17589 /* [CP] Embed Pods Frameworks */ = {
			isa = PBXShellScriptBuildPhase;
			buildActionMask = 2147483647;
			files = (
			);
			inputPaths = (
				"${SRCROOT}/Pods/Target Support Files/Pods-MyWork/Pods-MyWork-frameworks.sh",
				"${BUILT_PRODUCTS_DIR}/Charts/Charts.framework",
				"${BUILT_PRODUCTS_DIR}/PromiseKit/PromiseKit.framework",
				"${BUILT_PRODUCTS_DIR}/Unbox/Unbox.framework",
			);
			name = "[CP] Embed Pods Frameworks";
			outputPaths = (
				"${TARGET_BUILD_DIR}/${FRAMEWORKS_FOLDER_PATH}/Charts.framework",
				"${TARGET_BUILD_DIR}/${FRAMEWORKS_FOLDER_PATH}/PromiseKit.framework",
				"${TARGET_BUILD_DIR}/${FRAMEWORKS_FOLDER_PATH}/Unbox.framework",
			);
			runOnlyForDeploymentPostprocessing = 0;
			shellPath = /bin/sh;
			shellScript = "\"${SRCROOT}/Pods/Target Support Files/Pods-MyWork/Pods-MyWork-frameworks.sh\"\n";
			showEnvVarsInLog = 0;
		};
		FFA2E5B8E53FBECA8EBD6EAB /* [CP] Check Pods Manifest.lock */ = {
			isa = PBXShellScriptBuildPhase;
			buildActionMask = 2147483647;
			files = (
			);
			inputPaths = (
				"${PODS_PODFILE_DIR_PATH}/Podfile.lock",
				"${PODS_ROOT}/Manifest.lock",
			);
			name = "[CP] Check Pods Manifest.lock";
			outputPaths = (
				"$(DERIVED_FILE_DIR)/Pods-MyWork-checkManifestLockResult.txt",
			);
			runOnlyForDeploymentPostprocessing = 0;
			shellPath = /bin/sh;
			shellScript = "diff \"${PODS_PODFILE_DIR_PATH}/Podfile.lock\" \"${PODS_ROOT}/Manifest.lock\" > /dev/null\nif [ $? != 0 ] ; then\n    # print error to STDERR\n    echo \"error: The sandbox is not in sync with the Podfile.lock. Run 'pod install' or update your CocoaPods installation.\" >&2\n    exit 1\nfi\n# This output is used by Xcode 'outputs' to avoid re-running this script phase.\necho \"SUCCESS\" > \"${SCRIPT_OUTPUT_FILE_0}\"\n";
			showEnvVarsInLog = 0;
		};
/* End PBXShellScriptBuildPhase section */

/* Begin PBXSourcesBuildPhase section */
		3C55FE02213FE41F00ABA745 /* Sources */ = {
			isa = PBXSourcesBuildPhase;
			buildActionMask = 2147483647;
			files = (
				3C55FE0B213FE41F00ABA745 /* ViewController.swift in Sources */,
				3CF3D1A42140F9C200CB004A /* 2ViewController.swift in Sources */,
				3C55FE19213FE57700ABA745 /* DateFormater.swift in Sources */,
				3C55FE09213FE41F00ABA745 /* AppDelegate.swift in Sources */,
			);
			runOnlyForDeploymentPostprocessing = 0;
		};
		3CD85A1620EF482A008D994C /* Sources */ = {
			isa = PBXSourcesBuildPhase;
			buildActionMask = 2147483647;
			files = (
				3CF62BA3214F718A00BD1579 /* ReusableDataSources.swift in Sources */,
				3C6A4F24214A29850071AA0C /* IdentifyingObjects.swift in Sources */,
				3C934C92210EF50F00E35A4D /* SecondViewController.swift in Sources */,
				3C934C8F210EF1B700E35A4D /* PersonStatisticCell.swift in Sources */,
				3CC2F214213D152600C59AF2 /* EarlyReturningFunctions.swift in Sources */,
				3CC633FE2105BD7C002F3B8B /* Assertions.swift in Sources */,
				3C2FA85F20F8C29D00F54E76 /* EnumBasedAnalyticsSystem.swift in Sources */,
				3C6D8F682109C87F000190F3 /* UITableView+Ex.swift in Sources */,
				3C38E1742107732A005CBDE9 /* RoundPercentagesControl.swift in Sources */,
				3CBDAD36211D8133007ED110 /* TestProperty.swift in Sources */,
				3CFC9E372101B144008F64D7 /* SynchronizedArray.swift in Sources */,
				3CF3D1A22140EFDA00CB004A /* CapturingObjectsInClosures.swift in Sources */,
				3C9AA1252147A3AE00085EEC /* СustomСollections.swift in Sources */,
				3C36D8B120FF185F0095F9A4 /* UsingTokensToHandleAsync.swift in Sources */,
				3CC634002105BF2C002F3B8B /* PickingRightWayOfFailing.swift in Sources */,
				3C30C3D1214B78DF008BBC12 /* ModellingState .swift in Sources */,
				3CD85A2020EF482A008D994C /* ViewController.swift in Sources */,
				3CE4264720FE0FC00030559C /* DependencyInjectionWithFunctions.swift in Sources */,
				3CFD253C2112F95400128554 /* UIView+Ex.swift in Sources */,
				3C2FA84E20F8860600F54E76 /* StaticFactoryMethods.swift in Sources */,
				3CEE42572107911E00671D1D /* String+Ex.swift in Sources */,
				3CF720E7211D6B29007B7EC5 /* FirstClassFunctions .swift in Sources */,
				3C1EC266212150BC00E929E5 /* TrimmingLongArgumentLists.swift in Sources */,
				3C12E33B21086A9B0026F1D5 /* PercentagesControlCommon.swift in Sources */,
				3CFBCC1221145CC000A8A458 /* ETBVariantTableViewCell.swift in Sources */,
				3CFD25512113453F00128554 /* ETBAddTimeViewController.swift in Sources */,
				3C2FA85A20F8BA3900F54E76 /* CodeEncapsulation.swift in Sources */,
				3CFBCC0B21145A7B00A8A458 /* ETBVariantsControl.swift in Sources */,
				3CE41F812152410B002A6600 /* HandlingNonOptionalOptionals.swift in Sources */,
				3CF444E5210EECB0005392CF /* PersonStatisticControl.swift in Sources */,
				3C7CD75221103951009871B1 /* Tuples.swift in Sources */,
				3C6D8F6C2109C9A5000190F3 /* StatisticCell.swift in Sources */,
				3CA29A88210B37A80077AB94 /* NSMutableAttributedString.swift in Sources */,
				3C2FA86120F8C88600F54E76 /* AvoidingSingletonsSwift.swift in Sources */,
				3C40AB9620FC659E00B280B1 /* UsingAutoclosure .swift in Sources */,
				3CFBCC152114602E00A8A458 /* TreeViewController.swift in Sources */,
				3C934C8A210EEFA400E35A4D /* Person.swift in Sources */,
				3C2FA85220F88C3400F54E76 /* Delegation.swift in Sources */,
				3CC3911C21395741001B42DA /* UsingBuilder .swift in Sources */,
				3CE4264920FE15BD0030559C /* TypeErasureUsingClosures.swift in Sources */,
				3C9A83C62133C9C4008A1F17 /* HandlingMutableModels.swift in Sources */,
				3CC2F210213D10F200C59AF2 /* FeatureFlags.swift in Sources */,
				3C4AA54F21006423003F484C /* PromiseKit.swift in Sources */,
				3C6D8F5D21099D31000190F3 /* LinePercentagesControl.swift in Sources */,
				3CD3DB202135258A004F0FE7 /* TypeSafeIdentifiers.swift in Sources */,
				3CEE4255210790FA00671D1D /* UIColor+Ex.swift in Sources */,
				3C5FF2B22146564F005B41FB /* LightweightPresenters.swift in Sources */,
				3C6D8F642109C227000190F3 /* StatisticControl.swift in Sources */,
				3CE8CAF62136AB49003752DC /* LogicControllers.swift in Sources */,
				3C4C676921254370005D05D5 /* LazyProperties.swift in Sources */,
				3CFD254C21132C9500128554 /* ETBAddTimeViewControl.swift in Sources */,
				3C1D566D212A8D4D0096F82D /* ModelСontrollers.swift in Sources */,
				3C4AA54D2100585C003F484C /* FuturesPromises.swift in Sources */,
				3C37B767213E4BEB007E625A /* PreventingViewsFromBeingModelAware.swift in Sources */,
				3C2FA85420F88FAE00F54E76 /* Observers+NotificationCenter.swift in Sources */,
				3C4763D8211AC567006D0C1B /* CustomOperators.swift in Sources */,
				3C6D8F5B21099BAC000190F3 /* LineControl.swift in Sources */,
				3C55FE01213FC4C000ABA745 /* Codable.swift in Sources */,
				3C2FA85620F8918A00F54E76 /* Observers+Protocols.swift in Sources */,
				3CAA089F2122F88000788EB6 /* PowerOfSwitchStatements.swift in Sources */,
				3C6D8F612109BB9C000190F3 /* CGFloat+Ex.swift in Sources */,
				3CC2F212213D145400C59AF2 /* Dictionary+ex.swift in Sources */,
				3CC634022105C0C5002F3B8B /* ProvidingUnifiedErrorAPI.swift in Sources */,
				3C40AB9820FC6B4F00B280B1 /* NamespacingAndNestedTypes.swift in Sources */,
				3C1EC2682121526500E929E5 /* UsingGenericTypeConstraints .swift in Sources */,
				3C2FA85D20F8BAB100F54E76 /* Result.swift in Sources */,
				3C0E0829210AFD9700211B0B /* StatisticHeader.swift in Sources */,
				3CD3DB1E213521EB004F0FE7 /* PowerOfResult .swift in Sources */,
				3C0B1764210EDF34003D9314 /* ConditionalConformances.swift in Sources */,
				3CFC9E352101AEE8008F64D7 /* DeepGCD.swift in Sources */,
				3CA420A5210B280200C303FC /* StatisticFooter.swift in Sources */,
				3CD85A1E20EF482A008D994C /* AppDelegate.swift in Sources */,
				3C05E1FA212D342F003CBAD1 /* ModelControllers.swift in Sources */,
				3CC7A3ED2148E56C0057BFEA /* FactoryPattern.swift in Sources */,
				3C2FA85020F8875400F54E76 /* ChildViewControllers.swift in Sources */,
				3C2FA85820F892CA00F54E76 /* Observers+ClosureTokens.swift in Sources */,
				3CFD25382112F8FB00128554 /* ETBTimerControl.swift in Sources */,
				3CFD25352112EDB000128554 /* ETBSimpleTimer.swift in Sources */,
				3C1DD6722118183700383851 /* Serialization.swift in Sources */,
				3C1DD66F2118135D00383851 /* PowerOfSet.swift in Sources */,
				3CE41F832152452D002A6600 /* UserTableViewCell+Ex.swift in Sources */,
			);
			runOnlyForDeploymentPostprocessing = 0;
		};
		3CE41F6921523AB4002A6600 /* Sources */ = {
			isa = PBXSourcesBuildPhase;
			buildActionMask = 2147483647;
			files = (
				3CCEA34A21528AD00081A7DB /* RoundButton.swift in Sources */,
				3CE41F872152645B002A6600 /* ETBImageViewerViewController.swift in Sources */,
				3CE41F8D21526B69002A6600 /* ETBImageScrollView.swift in Sources */,
				3CE41F7221523AB5002A6600 /* ViewController.swift in Sources */,
				3CE41F7021523AB5002A6600 /* AppDelegate.swift in Sources */,
			);
			runOnlyForDeploymentPostprocessing = 0;
		};
/* End PBXSourcesBuildPhase section */

/* Begin PBXVariantGroup section */
		3C55FE0C213FE41F00ABA745 /* Main.storyboard */ = {
			isa = PBXVariantGroup;
			children = (
				3C55FE0D213FE41F00ABA745 /* Base */,
			);
			name = Main.storyboard;
			sourceTree = "<group>";
		};
		3C55FE11213FE42400ABA745 /* LaunchScreen.storyboard */ = {
			isa = PBXVariantGroup;
			children = (
				3C55FE12213FE42400ABA745 /* Base */,
			);
			name = LaunchScreen.storyboard;
			sourceTree = "<group>";
		};
		3CD85A2120EF482A008D994C /* Main.storyboard */ = {
			isa = PBXVariantGroup;
			children = (
				3CD85A2220EF482A008D994C /* Base */,
			);
			name = Main.storyboard;
			sourceTree = "<group>";
		};
		3CD85A2620EF482D008D994C /* LaunchScreen.storyboard */ = {
			isa = PBXVariantGroup;
			children = (
				3CD85A2720EF482D008D994C /* Base */,
			);
			name = LaunchScreen.storyboard;
			sourceTree = "<group>";
		};
		3CE41F7321523AB5002A6600 /* Main.storyboard */ = {
			isa = PBXVariantGroup;
			children = (
				3CE41F7421523AB5002A6600 /* Base */,
			);
			name = Main.storyboard;
			sourceTree = "<group>";
		};
		3CE41F7821523AB8002A6600 /* LaunchScreen.storyboard */ = {
			isa = PBXVariantGroup;
			children = (
				3CE41F7921523AB8002A6600 /* Base */,
			);
			name = LaunchScreen.storyboard;
			sourceTree = "<group>";
		};
/* End PBXVariantGroup section */

/* Begin XCBuildConfiguration section */
		3C55FE16213FE42400ABA745 /* Debug */ = {
			isa = XCBuildConfiguration;
			buildSettings = {
				ASSETCATALOG_COMPILER_APPICON_NAME = AppIcon;
				CODE_SIGN_STYLE = Automatic;
				DEVELOPMENT_TEAM = ED5577XBKG;
				INFOPLIST_FILE = MyWorkV2/Info.plist;
				LD_RUNPATH_SEARCH_PATHS = (
					"$(inherited)",
					"@executable_path/Frameworks",
				);
				PRODUCT_BUNDLE_IDENTIFIER = vdev.com.MyWorkV2;
				PRODUCT_NAME = "$(TARGET_NAME)";
				SWIFT_VERSION = 4.0;
				TARGETED_DEVICE_FAMILY = "1,2";
			};
			name = Debug;
		};
		3C55FE17213FE42400ABA745 /* Release */ = {
			isa = XCBuildConfiguration;
			buildSettings = {
				ASSETCATALOG_COMPILER_APPICON_NAME = AppIcon;
				CODE_SIGN_STYLE = Automatic;
				DEVELOPMENT_TEAM = ED5577XBKG;
				INFOPLIST_FILE = MyWorkV2/Info.plist;
				LD_RUNPATH_SEARCH_PATHS = (
					"$(inherited)",
					"@executable_path/Frameworks",
				);
				PRODUCT_BUNDLE_IDENTIFIER = vdev.com.MyWorkV2;
				PRODUCT_NAME = "$(TARGET_NAME)";
				SWIFT_VERSION = 4.0;
				TARGETED_DEVICE_FAMILY = "1,2";
			};
			name = Release;
		};
		3CD85A2A20EF482D008D994C /* Debug */ = {
			isa = XCBuildConfiguration;
			buildSettings = {
				ALWAYS_SEARCH_USER_PATHS = NO;
				CLANG_ANALYZER_NONNULL = YES;
				CLANG_ANALYZER_NUMBER_OBJECT_CONVERSION = YES_AGGRESSIVE;
				CLANG_CXX_LANGUAGE_STANDARD = "gnu++14";
				CLANG_CXX_LIBRARY = "libc++";
				CLANG_ENABLE_MODULES = YES;
				CLANG_ENABLE_OBJC_ARC = YES;
				CLANG_ENABLE_OBJC_WEAK = YES;
				CLANG_WARN_BLOCK_CAPTURE_AUTORELEASING = YES;
				CLANG_WARN_BOOL_CONVERSION = YES;
				CLANG_WARN_COMMA = YES;
				CLANG_WARN_CONSTANT_CONVERSION = YES;
				CLANG_WARN_DEPRECATED_OBJC_IMPLEMENTATIONS = YES;
				CLANG_WARN_DIRECT_OBJC_ISA_USAGE = YES_ERROR;
				CLANG_WARN_DOCUMENTATION_COMMENTS = YES;
				CLANG_WARN_EMPTY_BODY = YES;
				CLANG_WARN_ENUM_CONVERSION = YES;
				CLANG_WARN_INFINITE_RECURSION = YES;
				CLANG_WARN_INT_CONVERSION = YES;
				CLANG_WARN_NON_LITERAL_NULL_CONVERSION = YES;
				CLANG_WARN_OBJC_IMPLICIT_RETAIN_SELF = YES;
				CLANG_WARN_OBJC_LITERAL_CONVERSION = YES;
				CLANG_WARN_OBJC_ROOT_CLASS = YES_ERROR;
				CLANG_WARN_RANGE_LOOP_ANALYSIS = YES;
				CLANG_WARN_STRICT_PROTOTYPES = YES;
				CLANG_WARN_SUSPICIOUS_MOVE = YES;
				CLANG_WARN_UNGUARDED_AVAILABILITY = YES_AGGRESSIVE;
				CLANG_WARN_UNREACHABLE_CODE = YES;
				CLANG_WARN__DUPLICATE_METHOD_MATCH = YES;
				CODE_SIGN_IDENTITY = "iPhone Developer";
				COPY_PHASE_STRIP = NO;
				DEBUG_INFORMATION_FORMAT = dwarf;
				ENABLE_STRICT_OBJC_MSGSEND = YES;
				ENABLE_TESTABILITY = YES;
				GCC_C_LANGUAGE_STANDARD = gnu11;
				GCC_DYNAMIC_NO_PIC = NO;
				GCC_NO_COMMON_BLOCKS = YES;
				GCC_OPTIMIZATION_LEVEL = 0;
				GCC_PREPROCESSOR_DEFINITIONS = (
					"DEBUG=1",
					"$(inherited)",
				);
				GCC_WARN_64_TO_32_BIT_CONVERSION = YES;
				GCC_WARN_ABOUT_RETURN_TYPE = YES_ERROR;
				GCC_WARN_UNDECLARED_SELECTOR = YES;
				GCC_WARN_UNINITIALIZED_AUTOS = YES_AGGRESSIVE;
				GCC_WARN_UNUSED_FUNCTION = YES;
				GCC_WARN_UNUSED_VARIABLE = YES;
				IPHONEOS_DEPLOYMENT_TARGET = 11.4;
				MTL_ENABLE_DEBUG_INFO = YES;
				ONLY_ACTIVE_ARCH = YES;
				SDKROOT = iphoneos;
				SWIFT_ACTIVE_COMPILATION_CONDITIONS = DEBUG;
				SWIFT_OPTIMIZATION_LEVEL = "-Onone";
			};
			name = Debug;
		};
		3CD85A2B20EF482D008D994C /* Release */ = {
			isa = XCBuildConfiguration;
			buildSettings = {
				ALWAYS_SEARCH_USER_PATHS = NO;
				CLANG_ANALYZER_NONNULL = YES;
				CLANG_ANALYZER_NUMBER_OBJECT_CONVERSION = YES_AGGRESSIVE;
				CLANG_CXX_LANGUAGE_STANDARD = "gnu++14";
				CLANG_CXX_LIBRARY = "libc++";
				CLANG_ENABLE_MODULES = YES;
				CLANG_ENABLE_OBJC_ARC = YES;
				CLANG_ENABLE_OBJC_WEAK = YES;
				CLANG_WARN_BLOCK_CAPTURE_AUTORELEASING = YES;
				CLANG_WARN_BOOL_CONVERSION = YES;
				CLANG_WARN_COMMA = YES;
				CLANG_WARN_CONSTANT_CONVERSION = YES;
				CLANG_WARN_DEPRECATED_OBJC_IMPLEMENTATIONS = YES;
				CLANG_WARN_DIRECT_OBJC_ISA_USAGE = YES_ERROR;
				CLANG_WARN_DOCUMENTATION_COMMENTS = YES;
				CLANG_WARN_EMPTY_BODY = YES;
				CLANG_WARN_ENUM_CONVERSION = YES;
				CLANG_WARN_INFINITE_RECURSION = YES;
				CLANG_WARN_INT_CONVERSION = YES;
				CLANG_WARN_NON_LITERAL_NULL_CONVERSION = YES;
				CLANG_WARN_OBJC_IMPLICIT_RETAIN_SELF = YES;
				CLANG_WARN_OBJC_LITERAL_CONVERSION = YES;
				CLANG_WARN_OBJC_ROOT_CLASS = YES_ERROR;
				CLANG_WARN_RANGE_LOOP_ANALYSIS = YES;
				CLANG_WARN_STRICT_PROTOTYPES = YES;
				CLANG_WARN_SUSPICIOUS_MOVE = YES;
				CLANG_WARN_UNGUARDED_AVAILABILITY = YES_AGGRESSIVE;
				CLANG_WARN_UNREACHABLE_CODE = YES;
				CLANG_WARN__DUPLICATE_METHOD_MATCH = YES;
				CODE_SIGN_IDENTITY = "iPhone Developer";
				COPY_PHASE_STRIP = NO;
				DEBUG_INFORMATION_FORMAT = "dwarf-with-dsym";
				ENABLE_NS_ASSERTIONS = NO;
				ENABLE_STRICT_OBJC_MSGSEND = YES;
				GCC_C_LANGUAGE_STANDARD = gnu11;
				GCC_NO_COMMON_BLOCKS = YES;
				GCC_WARN_64_TO_32_BIT_CONVERSION = YES;
				GCC_WARN_ABOUT_RETURN_TYPE = YES_ERROR;
				GCC_WARN_UNDECLARED_SELECTOR = YES;
				GCC_WARN_UNINITIALIZED_AUTOS = YES_AGGRESSIVE;
				GCC_WARN_UNUSED_FUNCTION = YES;
				GCC_WARN_UNUSED_VARIABLE = YES;
				IPHONEOS_DEPLOYMENT_TARGET = 11.4;
				MTL_ENABLE_DEBUG_INFO = NO;
				SDKROOT = iphoneos;
				SWIFT_COMPILATION_MODE = wholemodule;
				SWIFT_OPTIMIZATION_LEVEL = "-O";
				VALIDATE_PRODUCT = YES;
			};
			name = Release;
		};
		3CD85A2D20EF482D008D994C /* Debug */ = {
			isa = XCBuildConfiguration;
			baseConfigurationReference = D63A3AC3C3088AF515DBB31C /* Pods-MyWork.debug.xcconfig */;
			buildSettings = {
				ASSETCATALOG_COMPILER_APPICON_NAME = AppIcon;
				CODE_SIGN_STYLE = Automatic;
				DEVELOPMENT_TEAM = ED5577XBKG;
				INFOPLIST_FILE = MyWork/Info.plist;
				LD_RUNPATH_SEARCH_PATHS = (
					"$(inherited)",
					"@executable_path/Frameworks",
				);
				PRODUCT_BUNDLE_IDENTIFIER = vdev.com.MyWork;
				PRODUCT_NAME = "$(TARGET_NAME)";
				SWIFT_VERSION = 4.2;
				TARGETED_DEVICE_FAMILY = "1,2";
			};
			name = Debug;
		};
		3CD85A2E20EF482D008D994C /* Release */ = {
			isa = XCBuildConfiguration;
			baseConfigurationReference = 20F46FA8AA1874A777E409D9 /* Pods-MyWork.release.xcconfig */;
			buildSettings = {
				ASSETCATALOG_COMPILER_APPICON_NAME = AppIcon;
				CODE_SIGN_STYLE = Automatic;
				DEVELOPMENT_TEAM = ED5577XBKG;
				INFOPLIST_FILE = MyWork/Info.plist;
				LD_RUNPATH_SEARCH_PATHS = (
					"$(inherited)",
					"@executable_path/Frameworks",
				);
				PRODUCT_BUNDLE_IDENTIFIER = vdev.com.MyWork;
				PRODUCT_NAME = "$(TARGET_NAME)";
				SWIFT_VERSION = 4.2;
				TARGETED_DEVICE_FAMILY = "1,2";
			};
			name = Release;
		};
		3CE41F7D21523AB8002A6600 /* Debug */ = {
			isa = XCBuildConfiguration;
			buildSettings = {
				ASSETCATALOG_COMPILER_APPICON_NAME = AppIcon;
				CODE_SIGN_STYLE = Automatic;
				DEVELOPMENT_TEAM = ED5577XBKG;
				INFOPLIST_FILE = UIPart/Info.plist;
				IPHONEOS_DEPLOYMENT_TARGET = 12.0;
				LD_RUNPATH_SEARCH_PATHS = (
					"$(inherited)",
					"@executable_path/Frameworks",
				);
				MTL_ENABLE_DEBUG_INFO = INCLUDE_SOURCE;
				MTL_FAST_MATH = YES;
				PRODUCT_BUNDLE_IDENTIFIER = vdev.com.UIPart;
				PRODUCT_NAME = "$(TARGET_NAME)";
				SWIFT_VERSION = 4.2;
				TARGETED_DEVICE_FAMILY = "1,2";
			};
			name = Debug;
		};
		3CE41F7E21523AB8002A6600 /* Release */ = {
			isa = XCBuildConfiguration;
			buildSettings = {
				ASSETCATALOG_COMPILER_APPICON_NAME = AppIcon;
				CODE_SIGN_STYLE = Automatic;
				DEVELOPMENT_TEAM = ED5577XBKG;
				INFOPLIST_FILE = UIPart/Info.plist;
				IPHONEOS_DEPLOYMENT_TARGET = 12.0;
				LD_RUNPATH_SEARCH_PATHS = (
					"$(inherited)",
					"@executable_path/Frameworks",
				);
				MTL_FAST_MATH = YES;
				PRODUCT_BUNDLE_IDENTIFIER = vdev.com.UIPart;
				PRODUCT_NAME = "$(TARGET_NAME)";
				SWIFT_VERSION = 4.2;
				TARGETED_DEVICE_FAMILY = "1,2";
			};
			name = Release;
		};
/* End XCBuildConfiguration section */

/* Begin XCConfigurationList section */
		3C55FE15213FE42400ABA745 /* Build configuration list for PBXNativeTarget "MyWorkV2" */ = {
			isa = XCConfigurationList;
			buildConfigurations = (
				3C55FE16213FE42400ABA745 /* Debug */,
				3C55FE17213FE42400ABA745 /* Release */,
			);
			defaultConfigurationIsVisible = 0;
			defaultConfigurationName = Release;
		};
		3CD85A1520EF482A008D994C /* Build configuration list for PBXProject "MyWork" */ = {
			isa = XCConfigurationList;
			buildConfigurations = (
				3CD85A2A20EF482D008D994C /* Debug */,
				3CD85A2B20EF482D008D994C /* Release */,
			);
			defaultConfigurationIsVisible = 0;
			defaultConfigurationName = Release;
		};
		3CD85A2C20EF482D008D994C /* Build configuration list for PBXNativeTarget "MyWork" */ = {
			isa = XCConfigurationList;
			buildConfigurations = (
				3CD85A2D20EF482D008D994C /* Debug */,
				3CD85A2E20EF482D008D994C /* Release */,
			);
			defaultConfigurationIsVisible = 0;
			defaultConfigurationName = Release;
		};
		3CE41F7C21523AB8002A6600 /* Build configuration list for PBXNativeTarget "UIPart" */ = {
			isa = XCConfigurationList;
			buildConfigurations = (
				3CE41F7D21523AB8002A6600 /* Debug */,
				3CE41F7E21523AB8002A6600 /* Release */,
			);
			defaultConfigurationIsVisible = 0;
			defaultConfigurationName = Release;
		};
/* End XCConfigurationList section */
	};
	rootObject = 3CD85A1220EF482A008D994C /* Project object */;
}
